// !$*UTF8*$!
{
	archiveVersion = 1;
	classes = {
	};
	objectVersion = 50;
	objects = {

/* Begin PBXBuildFile section */
		D27732D2237143D700FAEF0C /* AppDelegate.swift in Sources */ = {isa = PBXBuildFile; fileRef = D27732D1237143D700FAEF0C /* AppDelegate.swift */; };
		D27732D4237143D700FAEF0C /* SceneDelegate.swift in Sources */ = {isa = PBXBuildFile; fileRef = D27732D3237143D700FAEF0C /* SceneDelegate.swift */; };
		D27732D6237143D700FAEF0C /* ViewController.swift in Sources */ = {isa = PBXBuildFile; fileRef = D27732D5237143D700FAEF0C /* ViewController.swift */; };
		D27732D9237143D700FAEF0C /* Main.storyboard in Resources */ = {isa = PBXBuildFile; fileRef = D27732D7237143D700FAEF0C /* Main.storyboard */; };
		D27732DB237143D800FAEF0C /* Assets.xcassets in Resources */ = {isa = PBXBuildFile; fileRef = D27732DA237143D800FAEF0C /* Assets.xcassets */; };
		D27732DE237143D800FAEF0C /* LaunchScreen.storyboard in Resources */ = {isa = PBXBuildFile; fileRef = D27732DC237143D800FAEF0C /* LaunchScreen.storyboard */; };
/* End PBXBuildFile section */

/* Begin PBXFileReference section */
		D27732CE237143D700FAEF0C /* br_flickr.app */ = {isa = PBXFileReference; explicitFileType = wrapper.application; includeInIndex = 0; path = br_flickr.app; sourceTree = BUILT_PRODUCTS_DIR; };
		D27732D1237143D700FAEF0C /* AppDelegate.swift */ = {isa = PBXFileReference; lastKnownFileType = sourcecode.swift; path = AppDelegate.swift; sourceTree = "<group>"; };
		D27732D3237143D700FAEF0C /* SceneDelegate.swift */ = {isa = PBXFileReference; lastKnownFileType = sourcecode.swift; path = SceneDelegate.swift; sourceTree = "<group>"; };
		D27732D5237143D700FAEF0C /* ViewController.swift */ = {isa = PBXFileReference; lastKnownFileType = sourcecode.swift; path = ViewController.swift; sourceTree = "<group>"; };
		D27732D8237143D700FAEF0C /* Base */ = {isa = PBXFileReference; lastKnownFileType = file.storyboard; name = Base; path = Base.lproj/Main.storyboard; sourceTree = "<group>"; };
		D27732DA237143D800FAEF0C /* Assets.xcassets */ = {isa = PBXFileReference; lastKnownFileType = folder.assetcatalog; path = Assets.xcassets; sourceTree = "<group>"; };
		D27732DD237143D800FAEF0C /* Base */ = {isa = PBXFileReference; lastKnownFileType = file.storyboard; name = Base; path = Base.lproj/LaunchScreen.storyboard; sourceTree = "<group>"; };
		D27732DF237143D800FAEF0C /* Info.plist */ = {isa = PBXFileReference; lastKnownFileType = text.plist.xml; path = Info.plist; sourceTree = "<group>"; };
/* End PBXFileReference section */

/* Begin PBXFrameworksBuildPhase section */
		D27732CB237143D700FAEF0C /* Frameworks */ = {
			isa = PBXFrameworksBuildPhase;
			buildActionMask = 2147483647;
			files = (
			);
			runOnlyForDeploymentPostprocessing = 0;
		};
/* End PBXFrameworksBuildPhase section */

/* Begin PBXGroup section */
		D27732C5237143D700FAEF0C = {
			isa = PBXGroup;
			children = (
				D27732D0237143D700FAEF0C /* br_flickr */,
				D27732CF237143D700FAEF0C /* Products */,
			);
			sourceTree = "<group>";
		};
		D27732CF237143D700FAEF0C /* Products */ = {
			isa = PBXGroup;
			children = (
				D27732CE237143D700FAEF0C /* br_flickr.app */,
			);
			name = Products;
			sourceTree = "<group>";
		};
		D27732D0237143D700FAEF0C /* br_flickr */ = {
			isa = PBXGroup;
			children = (
				D27732D1237143D700FAEF0C /* AppDelegate.swift */,
				D27732D3237143D700FAEF0C /* SceneDelegate.swift */,
				D27732D5237143D700FAEF0C /* ViewController.swift */,
				D27732D7237143D700FAEF0C /* Main.storyboard */,
				D27732DA237143D800FAEF0C /* Assets.xcassets */,
				D27732DC237143D800FAEF0C /* LaunchScreen.storyboard */,
				D27732DF237143D800FAEF0C /* Info.plist */,
			);
			path = br_flickr;
			sourceTree = "<group>";
		};
/* End PBXGroup section */

/* Begin PBXNativeTarget section */
		D27732CD237143D700FAEF0C /* br_flickr */ = {
			isa = PBXNativeTarget;
			buildConfigurationList = D27732E2237143D800FAEF0C /* Build configuration list for PBXNativeTarget "br_flickr" */;
			buildPhases = (
				D27732CA237143D700FAEF0C /* Sources */,
				D27732CB237143D700FAEF0C /* Frameworks */,
				D27732CC237143D700FAEF0C /* Resources */,
			);
			buildRules = (
			);
			dependencies = (
			);
			name = br_flickr;
			productName = br_flickr;
			productReference = D27732CE237143D700FAEF0C /* br_flickr.app */;
			productType = "com.apple.product-type.application";
		};
/* End PBXNativeTarget section */

/* Begin PBXProject section */
		D27732C6237143D700FAEF0C /* Project object */ = {
			isa = PBXProject;
			attributes = {
				LastSwiftUpdateCheck = 1120;
				LastUpgradeCheck = 1120;
				ORGANIZATIONNAME = "Abubakar Oladeji";
				TargetAttributes = {
					D27732CD237143D700FAEF0C = {
						CreatedOnToolsVersion = 11.2;
					};
				};
			};
			buildConfigurationList = D27732C9237143D700FAEF0C /* Build configuration list for PBXProject "br_flickr" */;
			compatibilityVersion = "Xcode 9.3";
			developmentRegion = en;
			hasScannedForEncodings = 0;
			knownRegions = (
				en,
				Base,
			);
			mainGroup = D27732C5237143D700FAEF0C;
			productRefGroup = D27732CF237143D700FAEF0C /* Products */;
			projectDirPath = "";
			projectRoot = "";
			targets = (
				D27732CD237143D700FAEF0C /* br_flickr */,
			);
		};
/* End PBXProject section */

/* Begin PBXResourcesBuildPhase section */
		D27732CC237143D700FAEF0C /* Resources */ = {
			isa = PBXResourcesBuildPhase;
			buildActionMask = 2147483647;
			files = (
				D27732DE237143D800FAEF0C /* LaunchScreen.storyboard in Resources */,
				D27732DB237143D800FAEF0C /* Assets.xcassets in Resources */,
				D27732D9237143D700FAEF0C /* Main.storyboard in Resources */,
			);
			runOnlyForDeploymentPostprocessing = 0;
		};
/* End PBXResourcesBuildPhase section */

/* Begin PBXSourcesBuildPhase section */
		D27732CA237143D700FAEF0C /* Sources */ = {
			isa = PBXSourcesBuildPhase;
			buildActionMask = 2147483647;
			files = (
				D27732D6237143D700FAEF0C /* ViewController.swift in Sources */,
				D27732D2237143D700FAEF0C /* AppDelegate.swift in Sources */,
				D27732D4237143D700FAEF0C /* SceneDelegate.swift in Sources */,
			);
			runOnlyForDeploymentPostprocessing = 0;
		};
/* End PBXSourcesBuildPhase section */

/* Begin PBXVariantGroup section */
		D27732D7237143D700FAEF0C /* Main.storyboard */ = {
			isa = PBXVariantGroup;
			children = (
				D27732D8237143D700FAEF0C /* Base */,
			);
			name = Main.storyboard;
			sourceTree = "<group>";
		};
		D27732DC237143D800FAEF0C /* LaunchScreen.storyboard */ = {
			isa = PBXVariantGroup;
			children = (
				D27732DD237143D800FAEF0C /* Base */,
			);
			name = LaunchScreen.storyboard;
			sourceTree = "<group>";
		};
/* End PBXVariantGroup section */

/* Begin XCBuildConfiguration section */
		D27732E0237143D800FAEF0C /* Debug */ = {
			isa = XCBuildConfiguration;
			buildSettings = {
				ALWAYS_SEARCH_USER_PATHS = NO;
				CLANG_ANALYZER_NONNULL = YES;
				CLANG_ANALYZER_NUMBER_OBJECT_CONVERSION = YES_AGGRESSIVE;
				CLANG_CXX_LANGUAGE_STANDARD = "gnu++14";
				CLANG_CXX_LIBRARY = "libc++";
				CLANG_ENABLE_MODULES = YES;
				CLANG_ENABLE_OBJC_ARC = YES;
				CLANG_ENABLE_OBJC_WEAK = YES;
				CLANG_WARN_BLOCK_CAPTURE_AUTORELEASING = YES;
				CLANG_WARN_BOOL_CONVERSION = YES;
				CLANG_WARN_COMMA = YES;
				CLANG_WARN_CONSTANT_CONVERSION = YES;
				CLANG_WARN_DEPRECATED_OBJC_IMPLEMENTATIONS = YES;
				CLANG_WARN_DIRECT_OBJC_ISA_USAGE = YES_ERROR;
				CLANG_WARN_DOCUMENTATION_COMMENTS = YES;
				CLANG_WARN_EMPTY_BODY = YES;
				CLANG_WARN_ENUM_CONVERSION = YES;
				CLANG_WARN_INFINITE_RECURSION = YES;
				CLANG_WARN_INT_CONVERSION = YES;
				CLANG_WARN_NON_LITERAL_NULL_CONVERSION = YES;
				CLANG_WARN_OBJC_IMPLICIT_RETAIN_SELF = YES;
				CLANG_WARN_OBJC_LITERAL_CONVERSION = YES;
				CLANG_WARN_OBJC_ROOT_CLASS = YES_ERROR;
				CLANG_WARN_RANGE_LOOP_ANALYSIS = YES;
				CLANG_WARN_STRICT_PROTOTYPES = YES;
				CLANG_WARN_SUSPICIOUS_MOVE = YES;
				CLANG_WARN_UNGUARDED_AVAILABILITY = YES_AGGRESSIVE;
				CLANG_WARN_UNREACHABLE_CODE = YES;
				CLANG_WARN__DUPLICATE_METHOD_MATCH = YES;
				COPY_PHASE_STRIP = NO;
				DEBUG_INFORMATION_FORMAT = dwarf;
				ENABLE_STRICT_OBJC_MSGSEND = YES;
				ENABLE_TESTABILITY = YES;
				GCC_C_LANGUAGE_STANDARD = gnu11;
				GCC_DYNAMIC_NO_PIC = NO;
				GCC_NO_COMMON_BLOCKS = YES;
				GCC_OPTIMIZATION_LEVEL = 0;
				GCC_PREPROCESSOR_DEFINITIONS = (
					"DEBUG=1",
					"$(inherited)",
				);
				GCC_WARN_64_TO_32_BIT_CONVERSION = YES;
				GCC_WARN_ABOUT_RETURN_TYPE = YES_ERROR;
				GCC_WARN_UNDECLARED_SELECTOR = YES;
				GCC_WARN_UNINITIALIZED_AUTOS = YES_AGGRESSIVE;
				GCC_WARN_UNUSED_FUNCTION = YES;
				GCC_WARN_UNUSED_VARIABLE = YES;
				IPHONEOS_DEPLOYMENT_TARGET = 13.2;
				MTL_ENABLE_DEBUG_INFO = INCLUDE_SOURCE;
				MTL_FAST_MATH = YES;
				ONLY_ACTIVE_ARCH = YES;
				SDKROOT = iphoneos;
				SWIFT_ACTIVE_COMPILATION_CONDITIONS = DEBUG;
				SWIFT_OPTIMIZATION_LEVEL = "-Onone";
			};
			name = Debug;
		};
		D27732E1237143D800FAEF0C /* Release */ = {
			isa = XCBuildConfiguration;
			buildSettings = {
				ALWAYS_SEARCH_USER_PATHS = NO;
				CLANG_ANALYZER_NONNULL = YES;
				CLANG_ANALYZER_NUMBER_OBJECT_CONVERSION = YES_AGGRESSIVE;
				CLANG_CXX_LANGUAGE_STANDARD = "gnu++14";
				CLANG_CXX_LIBRARY = "libc++";
				CLANG_ENABLE_MODULES = YES;
				CLANG_ENABLE_OBJC_ARC = YES;
				CLANG_ENABLE_OBJC_WEAK = YES;
				CLANG_WARN_BLOCK_CAPTURE_AUTORELEASING = YES;
				CLANG_WARN_BOOL_CONVERSION = YES;
				CLANG_WARN_COMMA = YES;
				CLANG_WARN_CONSTANT_CONVERSION = YES;
				CLANG_WARN_DEPRECATED_OBJC_IMPLEMENTATIONS = YES;
				CLANG_WARN_DIRECT_OBJC_ISA_USAGE = YES_ERROR;
				CLANG_WARN_DOCUMENTATION_COMMENTS = YES;
				CLANG_WARN_EMPTY_BODY = YES;
				CLANG_WARN_ENUM_CONVERSION = YES;
				CLANG_WARN_INFINITE_RECURSION = YES;
				CLANG_WARN_INT_CONVERSION = YES;
				CLANG_WARN_NON_LITERAL_NULL_CONVERSION = YES;
				CLANG_WARN_OBJC_IMPLICIT_RETAIN_SELF = YES;
				CLANG_WARN_OBJC_LITERAL_CONVERSION = YES;
				CLANG_WARN_OBJC_ROOT_CLASS = YES_ERROR;
				CLANG_WARN_RANGE_LOOP_ANALYSIS = YES;
				CLANG_WARN_STRICT_PROTOTYPES = YES;
				CLANG_WARN_SUSPICIOUS_MOVE = YES;
				CLANG_WARN_UNGUARDED_AVAILABILITY = YES_AGGRESSIVE;
				CLANG_WARN_UNREACHABLE_CODE = YES;
				CLANG_WARN__DUPLICATE_METHOD_MATCH = YES;
				COPY_PHASE_STRIP = NO;
				DEBUG_INFORMATION_FORMAT = "dwarf-with-dsym";
				ENABLE_NS_ASSERTIONS = NO;
				ENABLE_STRICT_OBJC_MSGSEND = YES;
				GCC_C_LANGUAGE_STANDARD = gnu11;
				GCC_NO_COMMON_BLOCKS = YES;
				GCC_WARN_64_TO_32_BIT_CONVERSION = YES;
				GCC_WARN_ABOUT_RETURN_TYPE = YES_ERROR;
				GCC_WARN_UNDECLARED_SELECTOR = YES;
				GCC_WARN_UNINITIALIZED_AUTOS = YES_AGGRESSIVE;
				GCC_WARN_UNUSED_FUNCTION = YES;
				GCC_WARN_UNUSED_VARIABLE = YES;
				IPHONEOS_DEPLOYMENT_TARGET = 13.2;
				MTL_ENABLE_DEBUG_INFO = NO;
				MTL_FAST_MATH = YES;
				SDKROOT = iphoneos;
				SWIFT_COMPILATION_MODE = wholemodule;
				SWIFT_OPTIMIZATION_LEVEL = "-O";
				VALIDATE_PRODUCT = YES;
			};
			name = Release;
		};
		D27732E3237143D800FAEF0C /* Debug */ = {
			isa = XCBuildConfiguration;
			buildSettings = {
				ASSETCATALOG_COMPILER_APPICON_NAME = AppIcon;
				CODE_SIGN_STYLE = Automatic;
				INFOPLIST_FILE = br_flickr/Info.plist;
				LD_RUNPATH_SEARCH_PATHS = (
					"$(inherited)",
					"@executable_path/Frameworks",
				);
				PRODUCT_BUNDLE_IDENTIFIER = "com.andela.br-flickr";
				PRODUCT_NAME = "$(TARGET_NAME)";
				SWIFT_VERSION = 5.0;
				TARGETED_DEVICE_FAMILY = "1,2";
			};
			name = Debug;
		};
		D27732E4237143D800FAEF0C /* Release */ = {
			isa = XCBuildConfiguration;
			buildSettings = {
				ASSETCATALOG_COMPILER_APPICON_NAME = AppIcon;
				CODE_SIGN_STYLE = Automatic;
				INFOPLIST_FILE = br_flickr/Info.plist;
				LD_RUNPATH_SEARCH_PATHS = (
					"$(inherited)",
					"@executable_path/Frameworks",
				);
				PRODUCT_BUNDLE_IDENTIFIER = "com.andela.br-flickr";
				PRODUCT_NAME = "$(TARGET_NAME)";
				SWIFT_VERSION = 5.0;
				TARGETED_DEVICE_FAMILY = "1,2";
			};
			name = Release;
		};
/* End XCBuildConfiguration section */

/* Begin XCConfigurationList section */
		D27732C9237143D700FAEF0C /* Build configuration list for PBXProject "br_flickr" */ = {
			isa = XCConfigurationList;
			buildConfigurations = (
				D27732E0237143D800FAEF0C /* Debug */,
				D27732E1237143D800FAEF0C /* Release */,
			);
			defaultConfigurationIsVisible = 0;
			defaultConfigurationName = Release;
		};
		D27732E2237143D800FAEF0C /* Build configuration list for PBXNativeTarget "br_flickr" */ = {
			isa = XCConfigurationList;
			buildConfigurations = (
				D27732E3237143D800FAEF0C /* Debug */,
				D27732E4237143D800FAEF0C /* Release */,
			);
			defaultConfigurationIsVisible = 0;
			defaultConfigurationName = Release;
		};
/* End XCConfigurationList section */
	};
	rootObject = D27732C6237143D700FAEF0C /* Project object */;
}
