// !$*UTF8*$!
{
	archiveVersion = 1;
	classes = {
	};
	objectVersion = 51;
	objects = {

/* Begin PBXBuildFile section */
		61BDB8003F8EB3375F98630A /* Pods_br_flickr.framework in Frameworks */ = {isa = PBXBuildFile; fileRef = 214AEBDAEDA75A7707AFB371 /* Pods_br_flickr.framework */; };
		D26870C82373133F0065FABE /* UIImageView+Extension.swift in Sources */ = {isa = PBXBuildFile; fileRef = D26870C72373133F0065FABE /* UIImageView+Extension.swift */; };
		D27732D2237143D700FAEF0C /* AppDelegate.swift in Sources */ = {isa = PBXBuildFile; fileRef = D27732D1237143D700FAEF0C /* AppDelegate.swift */; };
		D27732D4237143D700FAEF0C /* SceneDelegate.swift in Sources */ = {isa = PBXBuildFile; fileRef = D27732D3237143D700FAEF0C /* SceneDelegate.swift */; };
		D27732D6237143D700FAEF0C /* ViewController.swift in Sources */ = {isa = PBXBuildFile; fileRef = D27732D5237143D700FAEF0C /* ViewController.swift */; };
		D27732D9237143D700FAEF0C /* Main.storyboard in Resources */ = {isa = PBXBuildFile; fileRef = D27732D7237143D700FAEF0C /* Main.storyboard */; };
		D27732DB237143D800FAEF0C /* Assets.xcassets in Resources */ = {isa = PBXBuildFile; fileRef = D27732DA237143D800FAEF0C /* Assets.xcassets */; };
		D27732DE237143D800FAEF0C /* LaunchScreen.storyboard in Resources */ = {isa = PBXBuildFile; fileRef = D27732DC237143D800FAEF0C /* LaunchScreen.storyboard */; };
		D27732F323714FE000FAEF0C /* BREnvironment.swift in Sources */ = {isa = PBXBuildFile; fileRef = D27732F223714FE000FAEF0C /* BREnvironment.swift */; };
		D27732FB2371542000FAEF0C /* br_flickrTests.swift in Sources */ = {isa = PBXBuildFile; fileRef = D27732FA2371542000FAEF0C /* br_flickrTests.swift */; };
		D277330B23715B4700FAEF0C /* SearchModel.swift in Sources */ = {isa = PBXBuildFile; fileRef = D277330A23715B4700FAEF0C /* SearchModel.swift */; };
		D2DDDEAB23716A050085AB8F /* flickr_photo_info_response.json in Resources */ = {isa = PBXBuildFile; fileRef = D2DDDEAA23716A050085AB8F /* flickr_photo_info_response.json */; };
		D2DDDEAD23716AA60085AB8F /* PhotoListModelTests.swift in Sources */ = {isa = PBXBuildFile; fileRef = D2DDDEAC23716AA60085AB8F /* PhotoListModelTests.swift */; };
		D2DDDEB023716B830085AB8F /* XCTTestCase+Extension.swift in Sources */ = {isa = PBXBuildFile; fileRef = D2DDDEAF23716B830085AB8F /* XCTTestCase+Extension.swift */; };
		D2DDDEB323716CA60085AB8F /* flickr_search_response.json in Resources */ = {isa = PBXBuildFile; fileRef = D2DDDEB223716CA60085AB8F /* flickr_search_response.json */; };
		D2DDDEB523716CB40085AB8F /* flickr_recent_response.json in Resources */ = {isa = PBXBuildFile; fileRef = D2DDDEB423716CB40085AB8F /* flickr_recent_response.json */; };
		D2DDDEB723716D660085AB8F /* ParseHelper.swift in Sources */ = {isa = PBXBuildFile; fileRef = D2DDDEB623716D660085AB8F /* ParseHelper.swift */; };
		D2DDDEBA237209A80085AB8F /* RequestFactory.swift in Sources */ = {isa = PBXBuildFile; fileRef = D2DDDEB9237209A80085AB8F /* RequestFactory.swift */; };
		D2DDDEBC23720D090085AB8F /* RequestManager.swift in Sources */ = {isa = PBXBuildFile; fileRef = D2DDDEBB23720D090085AB8F /* RequestManager.swift */; };
		D2DDDEBE23720FAF0085AB8F /* Reachability.swift in Sources */ = {isa = PBXBuildFile; fileRef = D2DDDEBD23720FAF0085AB8F /* Reachability.swift */; };
		D2DDDEC1237213E00085AB8F /* RequestManagerMock.swift in Sources */ = {isa = PBXBuildFile; fileRef = D2DDDEC0237213E00085AB8F /* RequestManagerMock.swift */; };
		D2DDDEC62372A85E0085AB8F /* ImageSearchViewModelProtocol.swift in Sources */ = {isa = PBXBuildFile; fileRef = D2DDDEC52372A85E0085AB8F /* ImageSearchViewModelProtocol.swift */; };
		D2DDDECF2372B2FB0085AB8F /* RequestUseCase.swift in Sources */ = {isa = PBXBuildFile; fileRef = D2DDDECE2372B2FB0085AB8F /* RequestUseCase.swift */; };
		D2DDDED32372B4CB0085AB8F /* ImageSearchService.swift in Sources */ = {isa = PBXBuildFile; fileRef = D2DDDED22372B4CB0085AB8F /* ImageSearchService.swift */; };
		D2DDDED52372C2E20085AB8F /* ImageSearchViewModel.swift in Sources */ = {isa = PBXBuildFile; fileRef = D2DDDED42372C2E20085AB8F /* ImageSearchViewModel.swift */; };
		D2DDDED92372DBF50085AB8F /* ImageSearchCell.swift in Sources */ = {isa = PBXBuildFile; fileRef = D2DDDED82372DBF50085AB8F /* ImageSearchCell.swift */; };
/* End PBXBuildFile section */

/* Begin PBXContainerItemProxy section */
		D27732FD2371542100FAEF0C /* PBXContainerItemProxy */ = {
			isa = PBXContainerItemProxy;
			containerPortal = D27732C6237143D700FAEF0C /* Project object */;
			proxyType = 1;
			remoteGlobalIDString = D27732CD237143D700FAEF0C;
			remoteInfo = br_flickr;
		};
/* End PBXContainerItemProxy section */

/* Begin PBXFileReference section */
		18652D180013597007C45130 /* Pods-br_flickr.release (development).xcconfig */ = {isa = PBXFileReference; includeInIndex = 1; lastKnownFileType = text.xcconfig; name = "Pods-br_flickr.release (development).xcconfig"; path = "Target Support Files/Pods-br_flickr/Pods-br_flickr.release (development).xcconfig"; sourceTree = "<group>"; };
		1F767BC8C0E816B42F64CC45 /* Pods-br_flickr.release (staging).xcconfig */ = {isa = PBXFileReference; includeInIndex = 1; lastKnownFileType = text.xcconfig; name = "Pods-br_flickr.release (staging).xcconfig"; path = "Target Support Files/Pods-br_flickr/Pods-br_flickr.release (staging).xcconfig"; sourceTree = "<group>"; };
		214AEBDAEDA75A7707AFB371 /* Pods_br_flickr.framework */ = {isa = PBXFileReference; explicitFileType = wrapper.framework; includeInIndex = 0; path = Pods_br_flickr.framework; sourceTree = BUILT_PRODUCTS_DIR; };
		53362197E5532D9D1D390889 /* Pods-br_flickr.release (production).xcconfig */ = {isa = PBXFileReference; includeInIndex = 1; lastKnownFileType = text.xcconfig; name = "Pods-br_flickr.release (production).xcconfig"; path = "Target Support Files/Pods-br_flickr/Pods-br_flickr.release (production).xcconfig"; sourceTree = "<group>"; };
		7723118D6A8DD63C4BC5C849 /* Pods-br_flickr.debug (development).xcconfig */ = {isa = PBXFileReference; includeInIndex = 1; lastKnownFileType = text.xcconfig; name = "Pods-br_flickr.debug (development).xcconfig"; path = "Target Support Files/Pods-br_flickr/Pods-br_flickr.debug (development).xcconfig"; sourceTree = "<group>"; };
		CCF0209715441BD725EA0001 /* Pods-br_flickr.debug (staging).xcconfig */ = {isa = PBXFileReference; includeInIndex = 1; lastKnownFileType = text.xcconfig; name = "Pods-br_flickr.debug (staging).xcconfig"; path = "Target Support Files/Pods-br_flickr/Pods-br_flickr.debug (staging).xcconfig"; sourceTree = "<group>"; };
		CDC948DF77158B7A00CF9F7A /* Pods-br_flickr.debug (production).xcconfig */ = {isa = PBXFileReference; includeInIndex = 1; lastKnownFileType = text.xcconfig; name = "Pods-br_flickr.debug (production).xcconfig"; path = "Target Support Files/Pods-br_flickr/Pods-br_flickr.debug (production).xcconfig"; sourceTree = "<group>"; };
		D26870C72373133F0065FABE /* UIImageView+Extension.swift */ = {isa = PBXFileReference; lastKnownFileType = sourcecode.swift; path = "UIImageView+Extension.swift"; sourceTree = "<group>"; };
		D27732CE237143D700FAEF0C /* br_flickr.app */ = {isa = PBXFileReference; explicitFileType = wrapper.application; includeInIndex = 0; path = br_flickr.app; sourceTree = BUILT_PRODUCTS_DIR; };
		D27732D1237143D700FAEF0C /* AppDelegate.swift */ = {isa = PBXFileReference; lastKnownFileType = sourcecode.swift; path = AppDelegate.swift; sourceTree = "<group>"; };
		D27732D3237143D700FAEF0C /* SceneDelegate.swift */ = {isa = PBXFileReference; lastKnownFileType = sourcecode.swift; path = SceneDelegate.swift; sourceTree = "<group>"; };
		D27732D5237143D700FAEF0C /* ViewController.swift */ = {isa = PBXFileReference; lastKnownFileType = sourcecode.swift; path = ViewController.swift; sourceTree = "<group>"; };
		D27732D8237143D700FAEF0C /* Base */ = {isa = PBXFileReference; lastKnownFileType = file.storyboard; name = Base; path = Base.lproj/Main.storyboard; sourceTree = "<group>"; };
		D27732DA237143D800FAEF0C /* Assets.xcassets */ = {isa = PBXFileReference; lastKnownFileType = folder.assetcatalog; path = Assets.xcassets; sourceTree = "<group>"; };
		D27732DD237143D800FAEF0C /* Base */ = {isa = PBXFileReference; lastKnownFileType = file.storyboard; name = Base; path = Base.lproj/LaunchScreen.storyboard; sourceTree = "<group>"; };
		D27732DF237143D800FAEF0C /* Info.plist */ = {isa = PBXFileReference; lastKnownFileType = text.plist.xml; path = Info.plist; sourceTree = "<group>"; };
		D27732EE237147E200FAEF0C /* Development.xcconfig */ = {isa = PBXFileReference; lastKnownFileType = text.xcconfig; path = Development.xcconfig; sourceTree = "<group>"; };
		D27732EF237147EC00FAEF0C /* Staging.xcconfig */ = {isa = PBXFileReference; lastKnownFileType = text.xcconfig; path = Staging.xcconfig; sourceTree = "<group>"; };
		D27732F0237147F500FAEF0C /* Production.xcconfig */ = {isa = PBXFileReference; lastKnownFileType = text.xcconfig; path = Production.xcconfig; sourceTree = "<group>"; };
		D27732F223714FE000FAEF0C /* BREnvironment.swift */ = {isa = PBXFileReference; lastKnownFileType = sourcecode.swift; path = BREnvironment.swift; sourceTree = "<group>"; };
		D27732F82371542000FAEF0C /* br_flickrTests.xctest */ = {isa = PBXFileReference; explicitFileType = wrapper.cfbundle; includeInIndex = 0; path = br_flickrTests.xctest; sourceTree = BUILT_PRODUCTS_DIR; };
		D27732FA2371542000FAEF0C /* br_flickrTests.swift */ = {isa = PBXFileReference; lastKnownFileType = sourcecode.swift; path = br_flickrTests.swift; sourceTree = "<group>"; };
		D27732FC2371542100FAEF0C /* Info.plist */ = {isa = PBXFileReference; lastKnownFileType = text.plist.xml; path = Info.plist; sourceTree = "<group>"; };
		D277330A23715B4700FAEF0C /* SearchModel.swift */ = {isa = PBXFileReference; lastKnownFileType = sourcecode.swift; path = SearchModel.swift; sourceTree = "<group>"; };
		D2DDDEAA23716A050085AB8F /* flickr_photo_info_response.json */ = {isa = PBXFileReference; lastKnownFileType = text.json; path = flickr_photo_info_response.json; sourceTree = "<group>"; };
		D2DDDEAC23716AA60085AB8F /* PhotoListModelTests.swift */ = {isa = PBXFileReference; lastKnownFileType = sourcecode.swift; path = PhotoListModelTests.swift; sourceTree = "<group>"; };
		D2DDDEAF23716B830085AB8F /* XCTTestCase+Extension.swift */ = {isa = PBXFileReference; lastKnownFileType = sourcecode.swift; path = "XCTTestCase+Extension.swift"; sourceTree = "<group>"; };
		D2DDDEB223716CA60085AB8F /* flickr_search_response.json */ = {isa = PBXFileReference; lastKnownFileType = text.json; path = flickr_search_response.json; sourceTree = "<group>"; };
		D2DDDEB423716CB40085AB8F /* flickr_recent_response.json */ = {isa = PBXFileReference; lastKnownFileType = text.json; path = flickr_recent_response.json; sourceTree = "<group>"; };
		D2DDDEB623716D660085AB8F /* ParseHelper.swift */ = {isa = PBXFileReference; lastKnownFileType = sourcecode.swift; path = ParseHelper.swift; sourceTree = "<group>"; };
		D2DDDEB9237209A80085AB8F /* RequestFactory.swift */ = {isa = PBXFileReference; lastKnownFileType = sourcecode.swift; path = RequestFactory.swift; sourceTree = "<group>"; };
		D2DDDEBB23720D090085AB8F /* RequestManager.swift */ = {isa = PBXFileReference; lastKnownFileType = sourcecode.swift; path = RequestManager.swift; sourceTree = "<group>"; };
		D2DDDEBD23720FAF0085AB8F /* Reachability.swift */ = {isa = PBXFileReference; lastKnownFileType = sourcecode.swift; path = Reachability.swift; sourceTree = "<group>"; };
		D2DDDEC0237213E00085AB8F /* RequestManagerMock.swift */ = {isa = PBXFileReference; lastKnownFileType = sourcecode.swift; path = RequestManagerMock.swift; sourceTree = "<group>"; };
		D2DDDEC52372A85E0085AB8F /* ImageSearchViewModelProtocol.swift */ = {isa = PBXFileReference; lastKnownFileType = sourcecode.swift; path = ImageSearchViewModelProtocol.swift; sourceTree = "<group>"; };
		D2DDDECE2372B2FB0085AB8F /* RequestUseCase.swift */ = {isa = PBXFileReference; lastKnownFileType = sourcecode.swift; path = RequestUseCase.swift; sourceTree = "<group>"; };
		D2DDDED22372B4CB0085AB8F /* ImageSearchService.swift */ = {isa = PBXFileReference; lastKnownFileType = sourcecode.swift; path = ImageSearchService.swift; sourceTree = "<group>"; };
		D2DDDED42372C2E20085AB8F /* ImageSearchViewModel.swift */ = {isa = PBXFileReference; lastKnownFileType = sourcecode.swift; path = ImageSearchViewModel.swift; sourceTree = "<group>"; };
		D2DDDED82372DBF50085AB8F /* ImageSearchCell.swift */ = {isa = PBXFileReference; lastKnownFileType = sourcecode.swift; path = ImageSearchCell.swift; sourceTree = "<group>"; };
/* End PBXFileReference section */

/* Begin PBXFrameworksBuildPhase section */
		D27732CB237143D700FAEF0C /* Frameworks */ = {
			isa = PBXFrameworksBuildPhase;
			buildActionMask = 2147483647;
			files = (
				61BDB8003F8EB3375F98630A /* Pods_br_flickr.framework in Frameworks */,
			);
			runOnlyForDeploymentPostprocessing = 0;
		};
		D27732F52371542000FAEF0C /* Frameworks */ = {
			isa = PBXFrameworksBuildPhase;
			buildActionMask = 2147483647;
			files = (
			);
			runOnlyForDeploymentPostprocessing = 0;
		};
/* End PBXFrameworksBuildPhase section */

/* Begin PBXGroup section */
		368E847FC604B640AB88A690 /* Pods */ = {
			isa = PBXGroup;
			children = (
				7723118D6A8DD63C4BC5C849 /* Pods-br_flickr.debug (development).xcconfig */,
				CCF0209715441BD725EA0001 /* Pods-br_flickr.debug (staging).xcconfig */,
				CDC948DF77158B7A00CF9F7A /* Pods-br_flickr.debug (production).xcconfig */,
				18652D180013597007C45130 /* Pods-br_flickr.release (development).xcconfig */,
				1F767BC8C0E816B42F64CC45 /* Pods-br_flickr.release (staging).xcconfig */,
				53362197E5532D9D1D390889 /* Pods-br_flickr.release (production).xcconfig */,
			);
			path = Pods;
			sourceTree = "<group>";
		};
		86B90640A8B07A7E004F3D6E /* Frameworks */ = {
			isa = PBXGroup;
			children = (
				214AEBDAEDA75A7707AFB371 /* Pods_br_flickr.framework */,
			);
			name = Frameworks;
			sourceTree = "<group>";
		};
		D26870C52373131A0065FABE /* Extensions */ = {
			isa = PBXGroup;
			children = (
				D26870C6237313280065FABE /* UIImageView */,
			);
			path = Extensions;
			sourceTree = "<group>";
		};
		D26870C6237313280065FABE /* UIImageView */ = {
			isa = PBXGroup;
			children = (
				D26870C72373133F0065FABE /* UIImageView+Extension.swift */,
			);
			path = UIImageView;
			sourceTree = "<group>";
		};
		D27732C5237143D700FAEF0C = {
			isa = PBXGroup;
			children = (
				D27732D0237143D700FAEF0C /* br_flickr */,
				D27732F92371542000FAEF0C /* br_flickrTests */,
				D27732CF237143D700FAEF0C /* Products */,
				368E847FC604B640AB88A690 /* Pods */,
				86B90640A8B07A7E004F3D6E /* Frameworks */,
			);
			sourceTree = "<group>";
		};
		D27732CF237143D700FAEF0C /* Products */ = {
			isa = PBXGroup;
			children = (
				D27732CE237143D700FAEF0C /* br_flickr.app */,
				D27732F82371542000FAEF0C /* br_flickrTests.xctest */,
			);
			name = Products;
			sourceTree = "<group>";
		};
		D27732D0237143D700FAEF0C /* br_flickr */ = {
			isa = PBXGroup;
			children = (
				D26870C52373131A0065FABE /* Extensions */,
				D2DDDEB82372097A0085AB8F /* Network */,
				D277330823715B0000FAEF0C /* Model */,
				D2773307237159CD00FAEF0C /* UI */,
				D27732ED2371479D00FAEF0C /* Configs */,
				D27732D7237143D700FAEF0C /* Main.storyboard */,
				D27732DA237143D800FAEF0C /* Assets.xcassets */,
				D27732DC237143D800FAEF0C /* LaunchScreen.storyboard */,
				D27732DF237143D800FAEF0C /* Info.plist */,
			);
			path = br_flickr;
			sourceTree = "<group>";
		};
		D27732ED2371479D00FAEF0C /* Configs */ = {
			isa = PBXGroup;
			children = (
				D27732EE237147E200FAEF0C /* Development.xcconfig */,
				D27732EF237147EC00FAEF0C /* Staging.xcconfig */,
				D27732F0237147F500FAEF0C /* Production.xcconfig */,
				D27732F223714FE000FAEF0C /* BREnvironment.swift */,
			);
			path = Configs;
			sourceTree = "<group>";
		};
		D27732F92371542000FAEF0C /* br_flickrTests */ = {
			isa = PBXGroup;
			children = (
				D2DDDEB123716BA60085AB8F /* Test Cases */,
				D2DDDEAE23716B700085AB8F /* Extensions */,
				D2DDDEA9237169D90085AB8F /* Mocks */,
				D27732FC2371542100FAEF0C /* Info.plist */,
			);
			path = br_flickrTests;
			sourceTree = "<group>";
		};
		D2773307237159CD00FAEF0C /* UI */ = {
			isa = PBXGroup;
			children = (
				D2DDDEC22372A8290085AB8F /* Image Search */,
				D27732D1237143D700FAEF0C /* AppDelegate.swift */,
				D27732D3237143D700FAEF0C /* SceneDelegate.swift */,
				D27732D5237143D700FAEF0C /* ViewController.swift */,
			);
			path = UI;
			sourceTree = "<group>";
		};
		D277330823715B0000FAEF0C /* Model */ = {
			isa = PBXGroup;
			children = (
				D277330A23715B4700FAEF0C /* SearchModel.swift */,
				D2DDDEB623716D660085AB8F /* ParseHelper.swift */,
			);
			path = Model;
			sourceTree = "<group>";
		};
		D2DDDEA9237169D90085AB8F /* Mocks */ = {
			isa = PBXGroup;
			children = (
				D2DDDEBF237213A10085AB8F /* Stubs */,
				D2DDDEC0237213E00085AB8F /* RequestManagerMock.swift */,
			);
			path = Mocks;
			sourceTree = "<group>";
		};
		D2DDDEAE23716B700085AB8F /* Extensions */ = {
			isa = PBXGroup;
			children = (
				D2DDDEAF23716B830085AB8F /* XCTTestCase+Extension.swift */,
			);
			path = Extensions;
			sourceTree = "<group>";
		};
		D2DDDEB123716BA60085AB8F /* Test Cases */ = {
			isa = PBXGroup;
			children = (
				D2DDDEAC23716AA60085AB8F /* PhotoListModelTests.swift */,
				D27732FA2371542000FAEF0C /* br_flickrTests.swift */,
			);
			path = "Test Cases";
			sourceTree = "<group>";
		};
		D2DDDEB82372097A0085AB8F /* Network */ = {
			isa = PBXGroup;
			children = (
				D2DDDECD2372B2CA0085AB8F /* Protocols */,
				D2DDDEB9237209A80085AB8F /* RequestFactory.swift */,
				D2DDDEBB23720D090085AB8F /* RequestManager.swift */,
				D2DDDEBD23720FAF0085AB8F /* Reachability.swift */,
			);
			path = Network;
			sourceTree = "<group>";
		};
		D2DDDEBF237213A10085AB8F /* Stubs */ = {
			isa = PBXGroup;
			children = (
				D2DDDEB423716CB40085AB8F /* flickr_recent_response.json */,
				D2DDDEB223716CA60085AB8F /* flickr_search_response.json */,
				D2DDDEAA23716A050085AB8F /* flickr_photo_info_response.json */,
			);
			path = Stubs;
			sourceTree = "<group>";
		};
		D2DDDEC22372A8290085AB8F /* Image Search */ = {
			isa = PBXGroup;
			children = (
				D2DDDEC72372A8A60085AB8F /* Cell */,
				D2DDDEC42372A8430085AB8F /* View Model */,
				D2DDDEC32372A83A0085AB8F /* Extensions */,
			);
			path = "Image Search";
			sourceTree = "<group>";
		};
		D2DDDEC32372A83A0085AB8F /* Extensions */ = {
			isa = PBXGroup;
			children = (
			);
			path = Extensions;
			sourceTree = "<group>";
		};
		D2DDDEC42372A8430085AB8F /* View Model */ = {
			isa = PBXGroup;
			children = (
				D2DDDED12372B3C60085AB8F /* Service */,
				D2DDDED02372B3BA0085AB8F /* Protocols */,
				D2DDDED42372C2E20085AB8F /* ImageSearchViewModel.swift */,
			);
			path = "View Model";
			sourceTree = "<group>";
		};
		D2DDDEC72372A8A60085AB8F /* Cell */ = {
			isa = PBXGroup;
			children = (
				D2DDDED82372DBF50085AB8F /* ImageSearchCell.swift */,
			);
			path = Cell;
			sourceTree = "<group>";
		};
		D2DDDECD2372B2CA0085AB8F /* Protocols */ = {
			isa = PBXGroup;
			children = (
				D2DDDECE2372B2FB0085AB8F /* RequestUseCase.swift */,
			);
			path = Protocols;
			sourceTree = "<group>";
		};
		D2DDDED02372B3BA0085AB8F /* Protocols */ = {
			isa = PBXGroup;
			children = (
				D2DDDEC52372A85E0085AB8F /* ImageSearchViewModelProtocol.swift */,
			);
			path = Protocols;
			sourceTree = "<group>";
		};
		D2DDDED12372B3C60085AB8F /* Service */ = {
			isa = PBXGroup;
			children = (
				D2DDDED22372B4CB0085AB8F /* ImageSearchService.swift */,
			);
			path = Service;
			sourceTree = "<group>";
		};
/* End PBXGroup section */

/* Begin PBXNativeTarget section */
		D27732CD237143D700FAEF0C /* br_flickr */ = {
			isa = PBXNativeTarget;
			buildConfigurationList = D27732E2237143D800FAEF0C /* Build configuration list for PBXNativeTarget "br_flickr" */;
			buildPhases = (
				A88B52BDB177EF1EDAC66E52 /* [CP] Check Pods Manifest.lock */,
				D27732CA237143D700FAEF0C /* Sources */,
				D27732CB237143D700FAEF0C /* Frameworks */,
				D27732CC237143D700FAEF0C /* Resources */,
				89EDDA725DF2A25C2A76427A /* [CP] Embed Pods Frameworks */,
				D27732F123714E0500FAEF0C /* Build Number Increment Script */,
			);
			buildRules = (
			);
			dependencies = (
			);
			name = br_flickr;
			productName = br_flickr;
			productReference = D27732CE237143D700FAEF0C /* br_flickr.app */;
			productType = "com.apple.product-type.application";
		};
		D27732F72371542000FAEF0C /* br_flickrTests */ = {
			isa = PBXNativeTarget;
			buildConfigurationList = D27732FF2371542100FAEF0C /* Build configuration list for PBXNativeTarget "br_flickrTests" */;
			buildPhases = (
				D27732F42371542000FAEF0C /* Sources */,
				D27732F52371542000FAEF0C /* Frameworks */,
				D27732F62371542000FAEF0C /* Resources */,
			);
			buildRules = (
			);
			dependencies = (
				D27732FE2371542100FAEF0C /* PBXTargetDependency */,
			);
			name = br_flickrTests;
			productName = br_flickrTests;
			productReference = D27732F82371542000FAEF0C /* br_flickrTests.xctest */;
			productType = "com.apple.product-type.bundle.unit-test";
		};
/* End PBXNativeTarget section */

/* Begin PBXProject section */
		D27732C6237143D700FAEF0C /* Project object */ = {
			isa = PBXProject;
			attributes = {
				LastSwiftUpdateCheck = 1120;
				LastUpgradeCheck = 1120;
				ORGANIZATIONNAME = "Abubakar Oladeji";
				TargetAttributes = {
					D27732CD237143D700FAEF0C = {
						CreatedOnToolsVersion = 11.2;
					};
					D27732F72371542000FAEF0C = {
						CreatedOnToolsVersion = 11.2;
						TestTargetID = D27732CD237143D700FAEF0C;
					};
				};
			};
			buildConfigurationList = D27732C9237143D700FAEF0C /* Build configuration list for PBXProject "br_flickr" */;
			compatibilityVersion = "Xcode 9.3";
			developmentRegion = en;
			hasScannedForEncodings = 0;
			knownRegions = (
				en,
				Base,
			);
			mainGroup = D27732C5237143D700FAEF0C;
			productRefGroup = D27732CF237143D700FAEF0C /* Products */;
			projectDirPath = "";
			projectRoot = "";
			targets = (
				D27732CD237143D700FAEF0C /* br_flickr */,
				D27732F72371542000FAEF0C /* br_flickrTests */,
			);
		};
/* End PBXProject section */

/* Begin PBXResourcesBuildPhase section */
		D27732CC237143D700FAEF0C /* Resources */ = {
			isa = PBXResourcesBuildPhase;
			buildActionMask = 2147483647;
			files = (
				D27732DE237143D800FAEF0C /* LaunchScreen.storyboard in Resources */,
				D27732DB237143D800FAEF0C /* Assets.xcassets in Resources */,
				D27732D9237143D700FAEF0C /* Main.storyboard in Resources */,
			);
			runOnlyForDeploymentPostprocessing = 0;
		};
		D27732F62371542000FAEF0C /* Resources */ = {
			isa = PBXResourcesBuildPhase;
			buildActionMask = 2147483647;
			files = (
				D2DDDEAB23716A050085AB8F /* flickr_photo_info_response.json in Resources */,
				D2DDDEB523716CB40085AB8F /* flickr_recent_response.json in Resources */,
				D2DDDEB323716CA60085AB8F /* flickr_search_response.json in Resources */,
			);
			runOnlyForDeploymentPostprocessing = 0;
		};
/* End PBXResourcesBuildPhase section */

/* Begin PBXShellScriptBuildPhase section */
		89EDDA725DF2A25C2A76427A /* [CP] Embed Pods Frameworks */ = {
			isa = PBXShellScriptBuildPhase;
			buildActionMask = 2147483647;
			files = (
			);
			inputFileListPaths = (
				"${PODS_ROOT}/Target Support Files/Pods-br_flickr/Pods-br_flickr-frameworks-${CONFIGURATION}-input-files.xcfilelist",
			);
			name = "[CP] Embed Pods Frameworks";
			outputFileListPaths = (
				"${PODS_ROOT}/Target Support Files/Pods-br_flickr/Pods-br_flickr-frameworks-${CONFIGURATION}-output-files.xcfilelist",
			);
			runOnlyForDeploymentPostprocessing = 0;
			shellPath = /bin/sh;
			shellScript = "\"${PODS_ROOT}/Target Support Files/Pods-br_flickr/Pods-br_flickr-frameworks.sh\"\n";
			showEnvVarsInLog = 0;
		};
		A88B52BDB177EF1EDAC66E52 /* [CP] Check Pods Manifest.lock */ = {
			isa = PBXShellScriptBuildPhase;
			buildActionMask = 2147483647;
			files = (
			);
			inputFileListPaths = (
			);
			inputPaths = (
				"${PODS_PODFILE_DIR_PATH}/Podfile.lock",
				"${PODS_ROOT}/Manifest.lock",
			);
			name = "[CP] Check Pods Manifest.lock";
			outputFileListPaths = (
			);
			outputPaths = (
				"$(DERIVED_FILE_DIR)/Pods-br_flickr-checkManifestLockResult.txt",
			);
			runOnlyForDeploymentPostprocessing = 0;
			shellPath = /bin/sh;
			shellScript = "diff \"${PODS_PODFILE_DIR_PATH}/Podfile.lock\" \"${PODS_ROOT}/Manifest.lock\" > /dev/null\nif [ $? != 0 ] ; then\n    # print error to STDERR\n    echo \"error: The sandbox is not in sync with the Podfile.lock. Run 'pod install' or update your CocoaPods installation.\" >&2\n    exit 1\nfi\n# This output is used by Xcode 'outputs' to avoid re-running this script phase.\necho \"SUCCESS\" > \"${SCRIPT_OUTPUT_FILE_0}\"\n";
			showEnvVarsInLog = 0;
		};
		D27732F123714E0500FAEF0C /* Build Number Increment Script */ = {
			isa = PBXShellScriptBuildPhase;
			buildActionMask = 2147483647;
			files = (
			);
			inputFileListPaths = (
			);
			inputPaths = (
			);
			name = "Build Number Increment Script";
			outputFileListPaths = (
			);
			outputPaths = (
			);
			runOnlyForDeploymentPostprocessing = 0;
			shellPath = /bin/sh;
			shellScript = "buildNumber=$(/usr/libexec/PlistBuddy -c \"Print CFBundleVersion\" \"${PROJECT_DIR}/${INFOPLIST_FILE}\")\nbuildNumber=$(($buildNumber + 1))\n/usr/libexec/PlistBuddy -c \"Set :CFBundleVersion $buildNumber\" \"${PROJECT_DIR}/${INFOPLIST_FILE}\"\n";
		};
/* End PBXShellScriptBuildPhase section */

/* Begin PBXSourcesBuildPhase section */
		D27732CA237143D700FAEF0C /* Sources */ = {
			isa = PBXSourcesBuildPhase;
			buildActionMask = 2147483647;
			files = (
				D26870C82373133F0065FABE /* UIImageView+Extension.swift in Sources */,
				D27732D6237143D700FAEF0C /* ViewController.swift in Sources */,
				D27732D2237143D700FAEF0C /* AppDelegate.swift in Sources */,
				D27732D4237143D700FAEF0C /* SceneDelegate.swift in Sources */,
				D2DDDED92372DBF50085AB8F /* ImageSearchCell.swift in Sources */,
				D2DDDEBC23720D090085AB8F /* RequestManager.swift in Sources */,
				D2DDDED52372C2E20085AB8F /* ImageSearchViewModel.swift in Sources */,
				D2DDDEBA237209A80085AB8F /* RequestFactory.swift in Sources */,
				D2DDDEBE23720FAF0085AB8F /* Reachability.swift in Sources */,
				D2DDDEC62372A85E0085AB8F /* ImageSearchViewModelProtocol.swift in Sources */,
				D27732F323714FE000FAEF0C /* BREnvironment.swift in Sources */,
				D277330B23715B4700FAEF0C /* SearchModel.swift in Sources */,
				D2DDDED32372B4CB0085AB8F /* ImageSearchService.swift in Sources */,
				D2DDDEB723716D660085AB8F /* ParseHelper.swift in Sources */,
				D2DDDECF2372B2FB0085AB8F /* RequestUseCase.swift in Sources */,
			);
			runOnlyForDeploymentPostprocessing = 0;
		};
		D27732F42371542000FAEF0C /* Sources */ = {
			isa = PBXSourcesBuildPhase;
			buildActionMask = 2147483647;
			files = (
				D2DDDEAD23716AA60085AB8F /* PhotoListModelTests.swift in Sources */,
				D2DDDEC1237213E00085AB8F /* RequestManagerMock.swift in Sources */,
				D2DDDEB023716B830085AB8F /* XCTTestCase+Extension.swift in Sources */,
				D27732FB2371542000FAEF0C /* br_flickrTests.swift in Sources */,
			);
			runOnlyForDeploymentPostprocessing = 0;
		};
/* End PBXSourcesBuildPhase section */

/* Begin PBXTargetDependency section */
		D27732FE2371542100FAEF0C /* PBXTargetDependency */ = {
			isa = PBXTargetDependency;
			target = D27732CD237143D700FAEF0C /* br_flickr */;
			targetProxy = D27732FD2371542100FAEF0C /* PBXContainerItemProxy */;
		};
/* End PBXTargetDependency section */

/* Begin PBXVariantGroup section */
		D27732D7237143D700FAEF0C /* Main.storyboard */ = {
			isa = PBXVariantGroup;
			children = (
				D27732D8237143D700FAEF0C /* Base */,
			);
			name = Main.storyboard;
			sourceTree = "<group>";
		};
		D27732DC237143D800FAEF0C /* LaunchScreen.storyboard */ = {
			isa = PBXVariantGroup;
			children = (
				D27732DD237143D800FAEF0C /* Base */,
			);
			name = LaunchScreen.storyboard;
			sourceTree = "<group>";
		};
/* End PBXVariantGroup section */

/* Begin XCBuildConfiguration section */
		D27732E0237143D800FAEF0C /* Debug (Development) */ = {
			isa = XCBuildConfiguration;
			baseConfigurationReference = D27732EE237147E200FAEF0C /* Development.xcconfig */;
			buildSettings = {
				ALWAYS_SEARCH_USER_PATHS = NO;
				CLANG_ANALYZER_NONNULL = YES;
				CLANG_ANALYZER_NUMBER_OBJECT_CONVERSION = YES_AGGRESSIVE;
				CLANG_CXX_LANGUAGE_STANDARD = "gnu++14";
				CLANG_CXX_LIBRARY = "libc++";
				CLANG_ENABLE_MODULES = YES;
				CLANG_ENABLE_OBJC_ARC = YES;
				CLANG_ENABLE_OBJC_WEAK = YES;
				CLANG_WARN_BLOCK_CAPTURE_AUTORELEASING = YES;
				CLANG_WARN_BOOL_CONVERSION = YES;
				CLANG_WARN_COMMA = YES;
				CLANG_WARN_CONSTANT_CONVERSION = YES;
				CLANG_WARN_DEPRECATED_OBJC_IMPLEMENTATIONS = YES;
				CLANG_WARN_DIRECT_OBJC_ISA_USAGE = YES_ERROR;
				CLANG_WARN_DOCUMENTATION_COMMENTS = YES;
				CLANG_WARN_EMPTY_BODY = YES;
				CLANG_WARN_ENUM_CONVERSION = YES;
				CLANG_WARN_INFINITE_RECURSION = YES;
				CLANG_WARN_INT_CONVERSION = YES;
				CLANG_WARN_NON_LITERAL_NULL_CONVERSION = YES;
				CLANG_WARN_OBJC_IMPLICIT_RETAIN_SELF = YES;
				CLANG_WARN_OBJC_LITERAL_CONVERSION = YES;
				CLANG_WARN_OBJC_ROOT_CLASS = YES_ERROR;
				CLANG_WARN_RANGE_LOOP_ANALYSIS = YES;
				CLANG_WARN_STRICT_PROTOTYPES = YES;
				CLANG_WARN_SUSPICIOUS_MOVE = YES;
				CLANG_WARN_UNGUARDED_AVAILABILITY = YES_AGGRESSIVE;
				CLANG_WARN_UNREACHABLE_CODE = YES;
				CLANG_WARN__DUPLICATE_METHOD_MATCH = YES;
				COPY_PHASE_STRIP = NO;
				DEBUG_INFORMATION_FORMAT = dwarf;
				ENABLE_STRICT_OBJC_MSGSEND = YES;
				ENABLE_TESTABILITY = YES;
				GCC_C_LANGUAGE_STANDARD = gnu11;
				GCC_DYNAMIC_NO_PIC = NO;
				GCC_NO_COMMON_BLOCKS = YES;
				GCC_OPTIMIZATION_LEVEL = 0;
				GCC_PREPROCESSOR_DEFINITIONS = (
					"DEBUG=1",
					"$(inherited)",
				);
				GCC_WARN_64_TO_32_BIT_CONVERSION = YES;
				GCC_WARN_ABOUT_RETURN_TYPE = YES_ERROR;
				GCC_WARN_UNDECLARED_SELECTOR = YES;
				GCC_WARN_UNINITIALIZED_AUTOS = YES_AGGRESSIVE;
				GCC_WARN_UNUSED_FUNCTION = YES;
				GCC_WARN_UNUSED_VARIABLE = YES;
				IPHONEOS_DEPLOYMENT_TARGET = 10.0;
				MTL_ENABLE_DEBUG_INFO = INCLUDE_SOURCE;
				MTL_FAST_MATH = YES;
				ONLY_ACTIVE_ARCH = YES;
				SDKROOT = iphoneos;
				SWIFT_ACTIVE_COMPILATION_CONDITIONS = DEBUG;
				SWIFT_OPTIMIZATION_LEVEL = "-Onone";
			};
			name = "Debug (Development)";
		};
		D27732E1237143D800FAEF0C /* Release (Development) */ = {
			isa = XCBuildConfiguration;
			baseConfigurationReference = D27732EE237147E200FAEF0C /* Development.xcconfig */;
			buildSettings = {
				ALWAYS_SEARCH_USER_PATHS = NO;
				CLANG_ANALYZER_NONNULL = YES;
				CLANG_ANALYZER_NUMBER_OBJECT_CONVERSION = YES_AGGRESSIVE;
				CLANG_CXX_LANGUAGE_STANDARD = "gnu++14";
				CLANG_CXX_LIBRARY = "libc++";
				CLANG_ENABLE_MODULES = YES;
				CLANG_ENABLE_OBJC_ARC = YES;
				CLANG_ENABLE_OBJC_WEAK = YES;
				CLANG_WARN_BLOCK_CAPTURE_AUTORELEASING = YES;
				CLANG_WARN_BOOL_CONVERSION = YES;
				CLANG_WARN_COMMA = YES;
				CLANG_WARN_CONSTANT_CONVERSION = YES;
				CLANG_WARN_DEPRECATED_OBJC_IMPLEMENTATIONS = YES;
				CLANG_WARN_DIRECT_OBJC_ISA_USAGE = YES_ERROR;
				CLANG_WARN_DOCUMENTATION_COMMENTS = YES;
				CLANG_WARN_EMPTY_BODY = YES;
				CLANG_WARN_ENUM_CONVERSION = YES;
				CLANG_WARN_INFINITE_RECURSION = YES;
				CLANG_WARN_INT_CONVERSION = YES;
				CLANG_WARN_NON_LITERAL_NULL_CONVERSION = YES;
				CLANG_WARN_OBJC_IMPLICIT_RETAIN_SELF = YES;
				CLANG_WARN_OBJC_LITERAL_CONVERSION = YES;
				CLANG_WARN_OBJC_ROOT_CLASS = YES_ERROR;
				CLANG_WARN_RANGE_LOOP_ANALYSIS = YES;
				CLANG_WARN_STRICT_PROTOTYPES = YES;
				CLANG_WARN_SUSPICIOUS_MOVE = YES;
				CLANG_WARN_UNGUARDED_AVAILABILITY = YES_AGGRESSIVE;
				CLANG_WARN_UNREACHABLE_CODE = YES;
				CLANG_WARN__DUPLICATE_METHOD_MATCH = YES;
				COPY_PHASE_STRIP = NO;
				DEBUG_INFORMATION_FORMAT = "dwarf-with-dsym";
				ENABLE_NS_ASSERTIONS = NO;
				ENABLE_STRICT_OBJC_MSGSEND = YES;
				GCC_C_LANGUAGE_STANDARD = gnu11;
				GCC_NO_COMMON_BLOCKS = YES;
				GCC_WARN_64_TO_32_BIT_CONVERSION = YES;
				GCC_WARN_ABOUT_RETURN_TYPE = YES_ERROR;
				GCC_WARN_UNDECLARED_SELECTOR = YES;
				GCC_WARN_UNINITIALIZED_AUTOS = YES_AGGRESSIVE;
				GCC_WARN_UNUSED_FUNCTION = YES;
				GCC_WARN_UNUSED_VARIABLE = YES;
				IPHONEOS_DEPLOYMENT_TARGET = 10.0;
				MTL_ENABLE_DEBUG_INFO = NO;
				MTL_FAST_MATH = YES;
				SDKROOT = iphoneos;
				SWIFT_COMPILATION_MODE = wholemodule;
				SWIFT_OPTIMIZATION_LEVEL = "-O";
				VALIDATE_PRODUCT = YES;
			};
			name = "Release (Development)";
		};
		D27732E3237143D800FAEF0C /* Debug (Development) */ = {
			isa = XCBuildConfiguration;
			baseConfigurationReference = D27732EE237147E200FAEF0C /* Development.xcconfig */;
			buildSettings = {
				ASSETCATALOG_COMPILER_APPICON_NAME = AppIcon;
				CODE_SIGN_STYLE = Automatic;
				INFOPLIST_FILE = br_flickr/Info.plist;
				IPHONEOS_DEPLOYMENT_TARGET = 10.0;
				LD_RUNPATH_SEARCH_PATHS = (
					"$(inherited)",
					"@executable_path/Frameworks",
				);
				PRODUCT_BUNDLE_IDENTIFIER = "com.andela.br-flickr";
				PRODUCT_NAME = "$(TARGET_NAME)";
				SWIFT_VERSION = 5.0;
				TARGETED_DEVICE_FAMILY = "1,2";
			};
			name = "Debug (Development)";
		};
		D27732E4237143D800FAEF0C /* Release (Development) */ = {
			isa = XCBuildConfiguration;
			baseConfigurationReference = D27732EE237147E200FAEF0C /* Development.xcconfig */;
			buildSettings = {
				ASSETCATALOG_COMPILER_APPICON_NAME = AppIcon;
				CODE_SIGN_STYLE = Automatic;
				INFOPLIST_FILE = br_flickr/Info.plist;
				IPHONEOS_DEPLOYMENT_TARGET = 10.0;
				LD_RUNPATH_SEARCH_PATHS = (
					"$(inherited)",
					"@executable_path/Frameworks",
				);
				PRODUCT_BUNDLE_IDENTIFIER = "com.andela.br-flickr";
				PRODUCT_NAME = "$(TARGET_NAME)";
				SWIFT_VERSION = 5.0;
				TARGETED_DEVICE_FAMILY = "1,2";
			};
			name = "Release (Development)";
		};
		D27732E52371458900FAEF0C /* Debug (Staging) */ = {
			isa = XCBuildConfiguration;
			baseConfigurationReference = D27732EF237147EC00FAEF0C /* Staging.xcconfig */;
			buildSettings = {
				ALWAYS_SEARCH_USER_PATHS = NO;
				CLANG_ANALYZER_NONNULL = YES;
				CLANG_ANALYZER_NUMBER_OBJECT_CONVERSION = YES_AGGRESSIVE;
				CLANG_CXX_LANGUAGE_STANDARD = "gnu++14";
				CLANG_CXX_LIBRARY = "libc++";
				CLANG_ENABLE_MODULES = YES;
				CLANG_ENABLE_OBJC_ARC = YES;
				CLANG_ENABLE_OBJC_WEAK = YES;
				CLANG_WARN_BLOCK_CAPTURE_AUTORELEASING = YES;
				CLANG_WARN_BOOL_CONVERSION = YES;
				CLANG_WARN_COMMA = YES;
				CLANG_WARN_CONSTANT_CONVERSION = YES;
				CLANG_WARN_DEPRECATED_OBJC_IMPLEMENTATIONS = YES;
				CLANG_WARN_DIRECT_OBJC_ISA_USAGE = YES_ERROR;
				CLANG_WARN_DOCUMENTATION_COMMENTS = YES;
				CLANG_WARN_EMPTY_BODY = YES;
				CLANG_WARN_ENUM_CONVERSION = YES;
				CLANG_WARN_INFINITE_RECURSION = YES;
				CLANG_WARN_INT_CONVERSION = YES;
				CLANG_WARN_NON_LITERAL_NULL_CONVERSION = YES;
				CLANG_WARN_OBJC_IMPLICIT_RETAIN_SELF = YES;
				CLANG_WARN_OBJC_LITERAL_CONVERSION = YES;
				CLANG_WARN_OBJC_ROOT_CLASS = YES_ERROR;
				CLANG_WARN_RANGE_LOOP_ANALYSIS = YES;
				CLANG_WARN_STRICT_PROTOTYPES = YES;
				CLANG_WARN_SUSPICIOUS_MOVE = YES;
				CLANG_WARN_UNGUARDED_AVAILABILITY = YES_AGGRESSIVE;
				CLANG_WARN_UNREACHABLE_CODE = YES;
				CLANG_WARN__DUPLICATE_METHOD_MATCH = YES;
				COPY_PHASE_STRIP = NO;
				DEBUG_INFORMATION_FORMAT = dwarf;
				ENABLE_STRICT_OBJC_MSGSEND = YES;
				ENABLE_TESTABILITY = YES;
				GCC_C_LANGUAGE_STANDARD = gnu11;
				GCC_DYNAMIC_NO_PIC = NO;
				GCC_NO_COMMON_BLOCKS = YES;
				GCC_OPTIMIZATION_LEVEL = 0;
				GCC_PREPROCESSOR_DEFINITIONS = (
					"DEBUG=1",
					"$(inherited)",
				);
				GCC_WARN_64_TO_32_BIT_CONVERSION = YES;
				GCC_WARN_ABOUT_RETURN_TYPE = YES_ERROR;
				GCC_WARN_UNDECLARED_SELECTOR = YES;
				GCC_WARN_UNINITIALIZED_AUTOS = YES_AGGRESSIVE;
				GCC_WARN_UNUSED_FUNCTION = YES;
				GCC_WARN_UNUSED_VARIABLE = YES;
				IPHONEOS_DEPLOYMENT_TARGET = 10.0;
				MTL_ENABLE_DEBUG_INFO = INCLUDE_SOURCE;
				MTL_FAST_MATH = YES;
				ONLY_ACTIVE_ARCH = YES;
				SDKROOT = iphoneos;
				SWIFT_ACTIVE_COMPILATION_CONDITIONS = DEBUG;
				SWIFT_OPTIMIZATION_LEVEL = "-Onone";
			};
			name = "Debug (Staging)";
		};
		D27732E62371458900FAEF0C /* Debug (Staging) */ = {
			isa = XCBuildConfiguration;
			baseConfigurationReference = D27732EF237147EC00FAEF0C /* Staging.xcconfig */;
			buildSettings = {
				ASSETCATALOG_COMPILER_APPICON_NAME = AppIcon;
				CODE_SIGN_STYLE = Automatic;
				INFOPLIST_FILE = br_flickr/Info.plist;
				IPHONEOS_DEPLOYMENT_TARGET = 10.0;
				LD_RUNPATH_SEARCH_PATHS = (
					"$(inherited)",
					"@executable_path/Frameworks",
				);
				PRODUCT_BUNDLE_IDENTIFIER = "com.andela.br-flickr";
				PRODUCT_NAME = "$(TARGET_NAME)";
				SWIFT_VERSION = 5.0;
				TARGETED_DEVICE_FAMILY = "1,2";
			};
			name = "Debug (Staging)";
		};
		D27732E7237145AC00FAEF0C /* Debug (Production) */ = {
			isa = XCBuildConfiguration;
			baseConfigurationReference = D27732F0237147F500FAEF0C /* Production.xcconfig */;
			buildSettings = {
				ALWAYS_SEARCH_USER_PATHS = NO;
				CLANG_ANALYZER_NONNULL = YES;
				CLANG_ANALYZER_NUMBER_OBJECT_CONVERSION = YES_AGGRESSIVE;
				CLANG_CXX_LANGUAGE_STANDARD = "gnu++14";
				CLANG_CXX_LIBRARY = "libc++";
				CLANG_ENABLE_MODULES = YES;
				CLANG_ENABLE_OBJC_ARC = YES;
				CLANG_ENABLE_OBJC_WEAK = YES;
				CLANG_WARN_BLOCK_CAPTURE_AUTORELEASING = YES;
				CLANG_WARN_BOOL_CONVERSION = YES;
				CLANG_WARN_COMMA = YES;
				CLANG_WARN_CONSTANT_CONVERSION = YES;
				CLANG_WARN_DEPRECATED_OBJC_IMPLEMENTATIONS = YES;
				CLANG_WARN_DIRECT_OBJC_ISA_USAGE = YES_ERROR;
				CLANG_WARN_DOCUMENTATION_COMMENTS = YES;
				CLANG_WARN_EMPTY_BODY = YES;
				CLANG_WARN_ENUM_CONVERSION = YES;
				CLANG_WARN_INFINITE_RECURSION = YES;
				CLANG_WARN_INT_CONVERSION = YES;
				CLANG_WARN_NON_LITERAL_NULL_CONVERSION = YES;
				CLANG_WARN_OBJC_IMPLICIT_RETAIN_SELF = YES;
				CLANG_WARN_OBJC_LITERAL_CONVERSION = YES;
				CLANG_WARN_OBJC_ROOT_CLASS = YES_ERROR;
				CLANG_WARN_RANGE_LOOP_ANALYSIS = YES;
				CLANG_WARN_STRICT_PROTOTYPES = YES;
				CLANG_WARN_SUSPICIOUS_MOVE = YES;
				CLANG_WARN_UNGUARDED_AVAILABILITY = YES_AGGRESSIVE;
				CLANG_WARN_UNREACHABLE_CODE = YES;
				CLANG_WARN__DUPLICATE_METHOD_MATCH = YES;
				COPY_PHASE_STRIP = NO;
				DEBUG_INFORMATION_FORMAT = dwarf;
				ENABLE_STRICT_OBJC_MSGSEND = YES;
				ENABLE_TESTABILITY = YES;
				GCC_C_LANGUAGE_STANDARD = gnu11;
				GCC_DYNAMIC_NO_PIC = NO;
				GCC_NO_COMMON_BLOCKS = YES;
				GCC_OPTIMIZATION_LEVEL = 0;
				GCC_PREPROCESSOR_DEFINITIONS = (
					"DEBUG=1",
					"$(inherited)",
				);
				GCC_WARN_64_TO_32_BIT_CONVERSION = YES;
				GCC_WARN_ABOUT_RETURN_TYPE = YES_ERROR;
				GCC_WARN_UNDECLARED_SELECTOR = YES;
				GCC_WARN_UNINITIALIZED_AUTOS = YES_AGGRESSIVE;
				GCC_WARN_UNUSED_FUNCTION = YES;
				GCC_WARN_UNUSED_VARIABLE = YES;
				IPHONEOS_DEPLOYMENT_TARGET = 10.0;
				MTL_ENABLE_DEBUG_INFO = INCLUDE_SOURCE;
				MTL_FAST_MATH = YES;
				ONLY_ACTIVE_ARCH = YES;
				SDKROOT = iphoneos;
				SWIFT_ACTIVE_COMPILATION_CONDITIONS = DEBUG;
				SWIFT_OPTIMIZATION_LEVEL = "-Onone";
			};
			name = "Debug (Production)";
		};
		D27732E8237145AC00FAEF0C /* Debug (Production) */ = {
			isa = XCBuildConfiguration;
			baseConfigurationReference = D27732F0237147F500FAEF0C /* Production.xcconfig */;
			buildSettings = {
				ASSETCATALOG_COMPILER_APPICON_NAME = AppIcon;
				CODE_SIGN_STYLE = Automatic;
				INFOPLIST_FILE = br_flickr/Info.plist;
				IPHONEOS_DEPLOYMENT_TARGET = 10.0;
				LD_RUNPATH_SEARCH_PATHS = (
					"$(inherited)",
					"@executable_path/Frameworks",
				);
				PRODUCT_BUNDLE_IDENTIFIER = "com.andela.br-flickr";
				PRODUCT_NAME = "$(TARGET_NAME)";
				SWIFT_VERSION = 5.0;
				TARGETED_DEVICE_FAMILY = "1,2";
			};
			name = "Debug (Production)";
		};
		D27732E9237145BB00FAEF0C /* Release (Production) */ = {
			isa = XCBuildConfiguration;
			baseConfigurationReference = D27732F0237147F500FAEF0C /* Production.xcconfig */;
			buildSettings = {
				ALWAYS_SEARCH_USER_PATHS = NO;
				CLANG_ANALYZER_NONNULL = YES;
				CLANG_ANALYZER_NUMBER_OBJECT_CONVERSION = YES_AGGRESSIVE;
				CLANG_CXX_LANGUAGE_STANDARD = "gnu++14";
				CLANG_CXX_LIBRARY = "libc++";
				CLANG_ENABLE_MODULES = YES;
				CLANG_ENABLE_OBJC_ARC = YES;
				CLANG_ENABLE_OBJC_WEAK = YES;
				CLANG_WARN_BLOCK_CAPTURE_AUTORELEASING = YES;
				CLANG_WARN_BOOL_CONVERSION = YES;
				CLANG_WARN_COMMA = YES;
				CLANG_WARN_CONSTANT_CONVERSION = YES;
				CLANG_WARN_DEPRECATED_OBJC_IMPLEMENTATIONS = YES;
				CLANG_WARN_DIRECT_OBJC_ISA_USAGE = YES_ERROR;
				CLANG_WARN_DOCUMENTATION_COMMENTS = YES;
				CLANG_WARN_EMPTY_BODY = YES;
				CLANG_WARN_ENUM_CONVERSION = YES;
				CLANG_WARN_INFINITE_RECURSION = YES;
				CLANG_WARN_INT_CONVERSION = YES;
				CLANG_WARN_NON_LITERAL_NULL_CONVERSION = YES;
				CLANG_WARN_OBJC_IMPLICIT_RETAIN_SELF = YES;
				CLANG_WARN_OBJC_LITERAL_CONVERSION = YES;
				CLANG_WARN_OBJC_ROOT_CLASS = YES_ERROR;
				CLANG_WARN_RANGE_LOOP_ANALYSIS = YES;
				CLANG_WARN_STRICT_PROTOTYPES = YES;
				CLANG_WARN_SUSPICIOUS_MOVE = YES;
				CLANG_WARN_UNGUARDED_AVAILABILITY = YES_AGGRESSIVE;
				CLANG_WARN_UNREACHABLE_CODE = YES;
				CLANG_WARN__DUPLICATE_METHOD_MATCH = YES;
				COPY_PHASE_STRIP = NO;
				DEBUG_INFORMATION_FORMAT = "dwarf-with-dsym";
				ENABLE_NS_ASSERTIONS = NO;
				ENABLE_STRICT_OBJC_MSGSEND = YES;
				GCC_C_LANGUAGE_STANDARD = gnu11;
				GCC_NO_COMMON_BLOCKS = YES;
				GCC_WARN_64_TO_32_BIT_CONVERSION = YES;
				GCC_WARN_ABOUT_RETURN_TYPE = YES_ERROR;
				GCC_WARN_UNDECLARED_SELECTOR = YES;
				GCC_WARN_UNINITIALIZED_AUTOS = YES_AGGRESSIVE;
				GCC_WARN_UNUSED_FUNCTION = YES;
				GCC_WARN_UNUSED_VARIABLE = YES;
				IPHONEOS_DEPLOYMENT_TARGET = 10.0;
				MTL_ENABLE_DEBUG_INFO = NO;
				MTL_FAST_MATH = YES;
				SDKROOT = iphoneos;
				SWIFT_COMPILATION_MODE = wholemodule;
				SWIFT_OPTIMIZATION_LEVEL = "-O";
				VALIDATE_PRODUCT = YES;
			};
			name = "Release (Production)";
		};
		D27732EA237145BB00FAEF0C /* Release (Production) */ = {
			isa = XCBuildConfiguration;
			baseConfigurationReference = D27732F0237147F500FAEF0C /* Production.xcconfig */;
			buildSettings = {
				ASSETCATALOG_COMPILER_APPICON_NAME = AppIcon;
				CODE_SIGN_STYLE = Automatic;
				INFOPLIST_FILE = br_flickr/Info.plist;
				IPHONEOS_DEPLOYMENT_TARGET = 10.0;
				LD_RUNPATH_SEARCH_PATHS = (
					"$(inherited)",
					"@executable_path/Frameworks",
				);
				PRODUCT_BUNDLE_IDENTIFIER = "com.andela.br-flickr";
				PRODUCT_NAME = "$(TARGET_NAME)";
				SWIFT_VERSION = 5.0;
				TARGETED_DEVICE_FAMILY = "1,2";
			};
			name = "Release (Production)";
		};
		D27732EB237145C000FAEF0C /* Release (Staging) */ = {
			isa = XCBuildConfiguration;
			baseConfigurationReference = D27732EF237147EC00FAEF0C /* Staging.xcconfig */;
			buildSettings = {
				ALWAYS_SEARCH_USER_PATHS = NO;
				CLANG_ANALYZER_NONNULL = YES;
				CLANG_ANALYZER_NUMBER_OBJECT_CONVERSION = YES_AGGRESSIVE;
				CLANG_CXX_LANGUAGE_STANDARD = "gnu++14";
				CLANG_CXX_LIBRARY = "libc++";
				CLANG_ENABLE_MODULES = YES;
				CLANG_ENABLE_OBJC_ARC = YES;
				CLANG_ENABLE_OBJC_WEAK = YES;
				CLANG_WARN_BLOCK_CAPTURE_AUTORELEASING = YES;
				CLANG_WARN_BOOL_CONVERSION = YES;
				CLANG_WARN_COMMA = YES;
				CLANG_WARN_CONSTANT_CONVERSION = YES;
				CLANG_WARN_DEPRECATED_OBJC_IMPLEMENTATIONS = YES;
				CLANG_WARN_DIRECT_OBJC_ISA_USAGE = YES_ERROR;
				CLANG_WARN_DOCUMENTATION_COMMENTS = YES;
				CLANG_WARN_EMPTY_BODY = YES;
				CLANG_WARN_ENUM_CONVERSION = YES;
				CLANG_WARN_INFINITE_RECURSION = YES;
				CLANG_WARN_INT_CONVERSION = YES;
				CLANG_WARN_NON_LITERAL_NULL_CONVERSION = YES;
				CLANG_WARN_OBJC_IMPLICIT_RETAIN_SELF = YES;
				CLANG_WARN_OBJC_LITERAL_CONVERSION = YES;
				CLANG_WARN_OBJC_ROOT_CLASS = YES_ERROR;
				CLANG_WARN_RANGE_LOOP_ANALYSIS = YES;
				CLANG_WARN_STRICT_PROTOTYPES = YES;
				CLANG_WARN_SUSPICIOUS_MOVE = YES;
				CLANG_WARN_UNGUARDED_AVAILABILITY = YES_AGGRESSIVE;
				CLANG_WARN_UNREACHABLE_CODE = YES;
				CLANG_WARN__DUPLICATE_METHOD_MATCH = YES;
				COPY_PHASE_STRIP = NO;
				DEBUG_INFORMATION_FORMAT = "dwarf-with-dsym";
				ENABLE_NS_ASSERTIONS = NO;
				ENABLE_STRICT_OBJC_MSGSEND = YES;
				GCC_C_LANGUAGE_STANDARD = gnu11;
				GCC_NO_COMMON_BLOCKS = YES;
				GCC_WARN_64_TO_32_BIT_CONVERSION = YES;
				GCC_WARN_ABOUT_RETURN_TYPE = YES_ERROR;
				GCC_WARN_UNDECLARED_SELECTOR = YES;
				GCC_WARN_UNINITIALIZED_AUTOS = YES_AGGRESSIVE;
				GCC_WARN_UNUSED_FUNCTION = YES;
				GCC_WARN_UNUSED_VARIABLE = YES;
				IPHONEOS_DEPLOYMENT_TARGET = 10.0;
				MTL_ENABLE_DEBUG_INFO = NO;
				MTL_FAST_MATH = YES;
				SDKROOT = iphoneos;
				SWIFT_COMPILATION_MODE = wholemodule;
				SWIFT_OPTIMIZATION_LEVEL = "-O";
				VALIDATE_PRODUCT = YES;
			};
			name = "Release (Staging)";
		};
		D27732EC237145C000FAEF0C /* Release (Staging) */ = {
			isa = XCBuildConfiguration;
			baseConfigurationReference = D27732EF237147EC00FAEF0C /* Staging.xcconfig */;
			buildSettings = {
				ASSETCATALOG_COMPILER_APPICON_NAME = AppIcon;
				CODE_SIGN_STYLE = Automatic;
				INFOPLIST_FILE = br_flickr/Info.plist;
				IPHONEOS_DEPLOYMENT_TARGET = 10.0;
				LD_RUNPATH_SEARCH_PATHS = (
					"$(inherited)",
					"@executable_path/Frameworks",
				);
				PRODUCT_BUNDLE_IDENTIFIER = "com.andela.br-flickr";
				PRODUCT_NAME = "$(TARGET_NAME)";
				SWIFT_VERSION = 5.0;
				TARGETED_DEVICE_FAMILY = "1,2";
			};
			name = "Release (Staging)";
		};
		D27733002371542100FAEF0C /* Debug (Development) */ = {
			isa = XCBuildConfiguration;
			buildSettings = {
				ALWAYS_SEARCH_USER_PATHS = NO;
				BUNDLE_LOADER = "$(TEST_HOST)";
				CLANG_ANALYZER_NONNULL = YES;
				CLANG_ANALYZER_NUMBER_OBJECT_CONVERSION = YES_AGGRESSIVE;
				CLANG_CXX_LANGUAGE_STANDARD = "gnu++14";
				CLANG_CXX_LIBRARY = "libc++";
				CLANG_ENABLE_MODULES = YES;
				CLANG_ENABLE_OBJC_ARC = YES;
				CLANG_ENABLE_OBJC_WEAK = YES;
				CLANG_WARN_BLOCK_CAPTURE_AUTORELEASING = YES;
				CLANG_WARN_BOOL_CONVERSION = YES;
				CLANG_WARN_COMMA = YES;
				CLANG_WARN_CONSTANT_CONVERSION = YES;
				CLANG_WARN_DEPRECATED_OBJC_IMPLEMENTATIONS = YES;
				CLANG_WARN_DIRECT_OBJC_ISA_USAGE = YES_ERROR;
				CLANG_WARN_DOCUMENTATION_COMMENTS = YES;
				CLANG_WARN_EMPTY_BODY = YES;
				CLANG_WARN_ENUM_CONVERSION = YES;
				CLANG_WARN_INFINITE_RECURSION = YES;
				CLANG_WARN_INT_CONVERSION = YES;
				CLANG_WARN_NON_LITERAL_NULL_CONVERSION = YES;
				CLANG_WARN_OBJC_IMPLICIT_RETAIN_SELF = YES;
				CLANG_WARN_OBJC_LITERAL_CONVERSION = YES;
				CLANG_WARN_OBJC_ROOT_CLASS = YES_ERROR;
				CLANG_WARN_RANGE_LOOP_ANALYSIS = YES;
				CLANG_WARN_STRICT_PROTOTYPES = YES;
				CLANG_WARN_SUSPICIOUS_MOVE = YES;
				CLANG_WARN_UNGUARDED_AVAILABILITY = YES_AGGRESSIVE;
				CLANG_WARN_UNREACHABLE_CODE = YES;
				CLANG_WARN__DUPLICATE_METHOD_MATCH = YES;
				CODE_SIGN_STYLE = Automatic;
				COPY_PHASE_STRIP = NO;
				DEBUG_INFORMATION_FORMAT = dwarf;
				ENABLE_STRICT_OBJC_MSGSEND = YES;
				ENABLE_TESTABILITY = YES;
				GCC_C_LANGUAGE_STANDARD = gnu11;
				GCC_DYNAMIC_NO_PIC = NO;
				GCC_NO_COMMON_BLOCKS = YES;
				GCC_OPTIMIZATION_LEVEL = 0;
				GCC_PREPROCESSOR_DEFINITIONS = (
					"DEBUG=1",
					"$(inherited)",
				);
				GCC_WARN_64_TO_32_BIT_CONVERSION = YES;
				GCC_WARN_ABOUT_RETURN_TYPE = YES_ERROR;
				GCC_WARN_UNDECLARED_SELECTOR = YES;
				GCC_WARN_UNINITIALIZED_AUTOS = YES_AGGRESSIVE;
				GCC_WARN_UNUSED_FUNCTION = YES;
				GCC_WARN_UNUSED_VARIABLE = YES;
				INFOPLIST_FILE = br_flickrTests/Info.plist;
				IPHONEOS_DEPLOYMENT_TARGET = 13.2;
				LD_RUNPATH_SEARCH_PATHS = (
					"$(inherited)",
					"@executable_path/Frameworks",
					"@loader_path/Frameworks",
				);
				MTL_ENABLE_DEBUG_INFO = INCLUDE_SOURCE;
				MTL_FAST_MATH = YES;
				ONLY_ACTIVE_ARCH = YES;
				PRODUCT_BUNDLE_IDENTIFIER = "com.andela.br-flickrTests";
				PRODUCT_NAME = "$(TARGET_NAME)";
				SDKROOT = iphoneos;
				SWIFT_ACTIVE_COMPILATION_CONDITIONS = DEBUG;
				SWIFT_OPTIMIZATION_LEVEL = "-Onone";
				SWIFT_VERSION = 5.0;
				TARGETED_DEVICE_FAMILY = "1,2";
				TEST_HOST = "$(BUILT_PRODUCTS_DIR)/br_flickr.app/br_flickr";
			};
			name = "Debug (Development)";
		};
		D27733012371542100FAEF0C /* Debug (Staging) */ = {
			isa = XCBuildConfiguration;
			buildSettings = {
				ALWAYS_SEARCH_USER_PATHS = NO;
				BUNDLE_LOADER = "$(TEST_HOST)";
				CLANG_ANALYZER_NONNULL = YES;
				CLANG_ANALYZER_NUMBER_OBJECT_CONVERSION = YES_AGGRESSIVE;
				CLANG_CXX_LANGUAGE_STANDARD = "gnu++14";
				CLANG_CXX_LIBRARY = "libc++";
				CLANG_ENABLE_MODULES = YES;
				CLANG_ENABLE_OBJC_ARC = YES;
				CLANG_ENABLE_OBJC_WEAK = YES;
				CLANG_WARN_BLOCK_CAPTURE_AUTORELEASING = YES;
				CLANG_WARN_BOOL_CONVERSION = YES;
				CLANG_WARN_COMMA = YES;
				CLANG_WARN_CONSTANT_CONVERSION = YES;
				CLANG_WARN_DEPRECATED_OBJC_IMPLEMENTATIONS = YES;
				CLANG_WARN_DIRECT_OBJC_ISA_USAGE = YES_ERROR;
				CLANG_WARN_DOCUMENTATION_COMMENTS = YES;
				CLANG_WARN_EMPTY_BODY = YES;
				CLANG_WARN_ENUM_CONVERSION = YES;
				CLANG_WARN_INFINITE_RECURSION = YES;
				CLANG_WARN_INT_CONVERSION = YES;
				CLANG_WARN_NON_LITERAL_NULL_CONVERSION = YES;
				CLANG_WARN_OBJC_IMPLICIT_RETAIN_SELF = YES;
				CLANG_WARN_OBJC_LITERAL_CONVERSION = YES;
				CLANG_WARN_OBJC_ROOT_CLASS = YES_ERROR;
				CLANG_WARN_RANGE_LOOP_ANALYSIS = YES;
				CLANG_WARN_STRICT_PROTOTYPES = YES;
				CLANG_WARN_SUSPICIOUS_MOVE = YES;
				CLANG_WARN_UNGUARDED_AVAILABILITY = YES_AGGRESSIVE;
				CLANG_WARN_UNREACHABLE_CODE = YES;
				CLANG_WARN__DUPLICATE_METHOD_MATCH = YES;
				CODE_SIGN_STYLE = Automatic;
				COPY_PHASE_STRIP = NO;
				DEBUG_INFORMATION_FORMAT = dwarf;
				ENABLE_STRICT_OBJC_MSGSEND = YES;
				ENABLE_TESTABILITY = YES;
				GCC_C_LANGUAGE_STANDARD = gnu11;
				GCC_DYNAMIC_NO_PIC = NO;
				GCC_NO_COMMON_BLOCKS = YES;
				GCC_OPTIMIZATION_LEVEL = 0;
				GCC_PREPROCESSOR_DEFINITIONS = (
					"DEBUG=1",
					"$(inherited)",
				);
				GCC_WARN_64_TO_32_BIT_CONVERSION = YES;
				GCC_WARN_ABOUT_RETURN_TYPE = YES_ERROR;
				GCC_WARN_UNDECLARED_SELECTOR = YES;
				GCC_WARN_UNINITIALIZED_AUTOS = YES_AGGRESSIVE;
				GCC_WARN_UNUSED_FUNCTION = YES;
				GCC_WARN_UNUSED_VARIABLE = YES;
				INFOPLIST_FILE = br_flickrTests/Info.plist;
				IPHONEOS_DEPLOYMENT_TARGET = 13.2;
				LD_RUNPATH_SEARCH_PATHS = (
					"$(inherited)",
					"@executable_path/Frameworks",
					"@loader_path/Frameworks",
				);
				MTL_ENABLE_DEBUG_INFO = INCLUDE_SOURCE;
				MTL_FAST_MATH = YES;
				ONLY_ACTIVE_ARCH = YES;
				PRODUCT_BUNDLE_IDENTIFIER = "com.andela.br-flickrTests";
				PRODUCT_NAME = "$(TARGET_NAME)";
				SDKROOT = iphoneos;
				SWIFT_ACTIVE_COMPILATION_CONDITIONS = DEBUG;
				SWIFT_OPTIMIZATION_LEVEL = "-Onone";
				SWIFT_VERSION = 5.0;
				TARGETED_DEVICE_FAMILY = "1,2";
				TEST_HOST = "$(BUILT_PRODUCTS_DIR)/br_flickr.app/br_flickr";
			};
			name = "Debug (Staging)";
		};
		D27733022371542100FAEF0C /* Debug (Production) */ = {
			isa = XCBuildConfiguration;
			buildSettings = {
				ALWAYS_SEARCH_USER_PATHS = NO;
				BUNDLE_LOADER = "$(TEST_HOST)";
				CLANG_ANALYZER_NONNULL = YES;
				CLANG_ANALYZER_NUMBER_OBJECT_CONVERSION = YES_AGGRESSIVE;
				CLANG_CXX_LANGUAGE_STANDARD = "gnu++14";
				CLANG_CXX_LIBRARY = "libc++";
				CLANG_ENABLE_MODULES = YES;
				CLANG_ENABLE_OBJC_ARC = YES;
				CLANG_ENABLE_OBJC_WEAK = YES;
				CLANG_WARN_BLOCK_CAPTURE_AUTORELEASING = YES;
				CLANG_WARN_BOOL_CONVERSION = YES;
				CLANG_WARN_COMMA = YES;
				CLANG_WARN_CONSTANT_CONVERSION = YES;
				CLANG_WARN_DEPRECATED_OBJC_IMPLEMENTATIONS = YES;
				CLANG_WARN_DIRECT_OBJC_ISA_USAGE = YES_ERROR;
				CLANG_WARN_DOCUMENTATION_COMMENTS = YES;
				CLANG_WARN_EMPTY_BODY = YES;
				CLANG_WARN_ENUM_CONVERSION = YES;
				CLANG_WARN_INFINITE_RECURSION = YES;
				CLANG_WARN_INT_CONVERSION = YES;
				CLANG_WARN_NON_LITERAL_NULL_CONVERSION = YES;
				CLANG_WARN_OBJC_IMPLICIT_RETAIN_SELF = YES;
				CLANG_WARN_OBJC_LITERAL_CONVERSION = YES;
				CLANG_WARN_OBJC_ROOT_CLASS = YES_ERROR;
				CLANG_WARN_RANGE_LOOP_ANALYSIS = YES;
				CLANG_WARN_STRICT_PROTOTYPES = YES;
				CLANG_WARN_SUSPICIOUS_MOVE = YES;
				CLANG_WARN_UNGUARDED_AVAILABILITY = YES_AGGRESSIVE;
				CLANG_WARN_UNREACHABLE_CODE = YES;
				CLANG_WARN__DUPLICATE_METHOD_MATCH = YES;
				CODE_SIGN_STYLE = Automatic;
				COPY_PHASE_STRIP = NO;
				DEBUG_INFORMATION_FORMAT = dwarf;
				ENABLE_STRICT_OBJC_MSGSEND = YES;
				ENABLE_TESTABILITY = YES;
				GCC_C_LANGUAGE_STANDARD = gnu11;
				GCC_DYNAMIC_NO_PIC = NO;
				GCC_NO_COMMON_BLOCKS = YES;
				GCC_OPTIMIZATION_LEVEL = 0;
				GCC_PREPROCESSOR_DEFINITIONS = (
					"DEBUG=1",
					"$(inherited)",
				);
				GCC_WARN_64_TO_32_BIT_CONVERSION = YES;
				GCC_WARN_ABOUT_RETURN_TYPE = YES_ERROR;
				GCC_WARN_UNDECLARED_SELECTOR = YES;
				GCC_WARN_UNINITIALIZED_AUTOS = YES_AGGRESSIVE;
				GCC_WARN_UNUSED_FUNCTION = YES;
				GCC_WARN_UNUSED_VARIABLE = YES;
				INFOPLIST_FILE = br_flickrTests/Info.plist;
				IPHONEOS_DEPLOYMENT_TARGET = 13.2;
				LD_RUNPATH_SEARCH_PATHS = (
					"$(inherited)",
					"@executable_path/Frameworks",
					"@loader_path/Frameworks",
				);
				MTL_ENABLE_DEBUG_INFO = INCLUDE_SOURCE;
				MTL_FAST_MATH = YES;
				ONLY_ACTIVE_ARCH = YES;
				PRODUCT_BUNDLE_IDENTIFIER = "com.andela.br-flickrTests";
				PRODUCT_NAME = "$(TARGET_NAME)";
				SDKROOT = iphoneos;
				SWIFT_ACTIVE_COMPILATION_CONDITIONS = DEBUG;
				SWIFT_OPTIMIZATION_LEVEL = "-Onone";
				SWIFT_VERSION = 5.0;
				TARGETED_DEVICE_FAMILY = "1,2";
				TEST_HOST = "$(BUILT_PRODUCTS_DIR)/br_flickr.app/br_flickr";
			};
			name = "Debug (Production)";
		};
		D27733032371542100FAEF0C /* Release (Development) */ = {
			isa = XCBuildConfiguration;
			buildSettings = {
				ALWAYS_SEARCH_USER_PATHS = NO;
				BUNDLE_LOADER = "$(TEST_HOST)";
				CLANG_ANALYZER_NONNULL = YES;
				CLANG_ANALYZER_NUMBER_OBJECT_CONVERSION = YES_AGGRESSIVE;
				CLANG_CXX_LANGUAGE_STANDARD = "gnu++14";
				CLANG_CXX_LIBRARY = "libc++";
				CLANG_ENABLE_MODULES = YES;
				CLANG_ENABLE_OBJC_ARC = YES;
				CLANG_ENABLE_OBJC_WEAK = YES;
				CLANG_WARN_BLOCK_CAPTURE_AUTORELEASING = YES;
				CLANG_WARN_BOOL_CONVERSION = YES;
				CLANG_WARN_COMMA = YES;
				CLANG_WARN_CONSTANT_CONVERSION = YES;
				CLANG_WARN_DEPRECATED_OBJC_IMPLEMENTATIONS = YES;
				CLANG_WARN_DIRECT_OBJC_ISA_USAGE = YES_ERROR;
				CLANG_WARN_DOCUMENTATION_COMMENTS = YES;
				CLANG_WARN_EMPTY_BODY = YES;
				CLANG_WARN_ENUM_CONVERSION = YES;
				CLANG_WARN_INFINITE_RECURSION = YES;
				CLANG_WARN_INT_CONVERSION = YES;
				CLANG_WARN_NON_LITERAL_NULL_CONVERSION = YES;
				CLANG_WARN_OBJC_IMPLICIT_RETAIN_SELF = YES;
				CLANG_WARN_OBJC_LITERAL_CONVERSION = YES;
				CLANG_WARN_OBJC_ROOT_CLASS = YES_ERROR;
				CLANG_WARN_RANGE_LOOP_ANALYSIS = YES;
				CLANG_WARN_STRICT_PROTOTYPES = YES;
				CLANG_WARN_SUSPICIOUS_MOVE = YES;
				CLANG_WARN_UNGUARDED_AVAILABILITY = YES_AGGRESSIVE;
				CLANG_WARN_UNREACHABLE_CODE = YES;
				CLANG_WARN__DUPLICATE_METHOD_MATCH = YES;
				CODE_SIGN_STYLE = Automatic;
				COPY_PHASE_STRIP = NO;
				DEBUG_INFORMATION_FORMAT = "dwarf-with-dsym";
				ENABLE_NS_ASSERTIONS = NO;
				ENABLE_STRICT_OBJC_MSGSEND = YES;
				GCC_C_LANGUAGE_STANDARD = gnu11;
				GCC_NO_COMMON_BLOCKS = YES;
				GCC_WARN_64_TO_32_BIT_CONVERSION = YES;
				GCC_WARN_ABOUT_RETURN_TYPE = YES_ERROR;
				GCC_WARN_UNDECLARED_SELECTOR = YES;
				GCC_WARN_UNINITIALIZED_AUTOS = YES_AGGRESSIVE;
				GCC_WARN_UNUSED_FUNCTION = YES;
				GCC_WARN_UNUSED_VARIABLE = YES;
				INFOPLIST_FILE = br_flickrTests/Info.plist;
				IPHONEOS_DEPLOYMENT_TARGET = 13.2;
				LD_RUNPATH_SEARCH_PATHS = (
					"$(inherited)",
					"@executable_path/Frameworks",
					"@loader_path/Frameworks",
				);
				MTL_ENABLE_DEBUG_INFO = NO;
				MTL_FAST_MATH = YES;
				PRODUCT_BUNDLE_IDENTIFIER = "com.andela.br-flickrTests";
				PRODUCT_NAME = "$(TARGET_NAME)";
				SDKROOT = iphoneos;
				SWIFT_COMPILATION_MODE = wholemodule;
				SWIFT_OPTIMIZATION_LEVEL = "-O";
				SWIFT_VERSION = 5.0;
				TARGETED_DEVICE_FAMILY = "1,2";
				TEST_HOST = "$(BUILT_PRODUCTS_DIR)/br_flickr.app/br_flickr";
				VALIDATE_PRODUCT = YES;
			};
			name = "Release (Development)";
		};
		D27733042371542100FAEF0C /* Release (Staging) */ = {
			isa = XCBuildConfiguration;
			buildSettings = {
				ALWAYS_SEARCH_USER_PATHS = NO;
				BUNDLE_LOADER = "$(TEST_HOST)";
				CLANG_ANALYZER_NONNULL = YES;
				CLANG_ANALYZER_NUMBER_OBJECT_CONVERSION = YES_AGGRESSIVE;
				CLANG_CXX_LANGUAGE_STANDARD = "gnu++14";
				CLANG_CXX_LIBRARY = "libc++";
				CLANG_ENABLE_MODULES = YES;
				CLANG_ENABLE_OBJC_ARC = YES;
				CLANG_ENABLE_OBJC_WEAK = YES;
				CLANG_WARN_BLOCK_CAPTURE_AUTORELEASING = YES;
				CLANG_WARN_BOOL_CONVERSION = YES;
				CLANG_WARN_COMMA = YES;
				CLANG_WARN_CONSTANT_CONVERSION = YES;
				CLANG_WARN_DEPRECATED_OBJC_IMPLEMENTATIONS = YES;
				CLANG_WARN_DIRECT_OBJC_ISA_USAGE = YES_ERROR;
				CLANG_WARN_DOCUMENTATION_COMMENTS = YES;
				CLANG_WARN_EMPTY_BODY = YES;
				CLANG_WARN_ENUM_CONVERSION = YES;
				CLANG_WARN_INFINITE_RECURSION = YES;
				CLANG_WARN_INT_CONVERSION = YES;
				CLANG_WARN_NON_LITERAL_NULL_CONVERSION = YES;
				CLANG_WARN_OBJC_IMPLICIT_RETAIN_SELF = YES;
				CLANG_WARN_OBJC_LITERAL_CONVERSION = YES;
				CLANG_WARN_OBJC_ROOT_CLASS = YES_ERROR;
				CLANG_WARN_RANGE_LOOP_ANALYSIS = YES;
				CLANG_WARN_STRICT_PROTOTYPES = YES;
				CLANG_WARN_SUSPICIOUS_MOVE = YES;
				CLANG_WARN_UNGUARDED_AVAILABILITY = YES_AGGRESSIVE;
				CLANG_WARN_UNREACHABLE_CODE = YES;
				CLANG_WARN__DUPLICATE_METHOD_MATCH = YES;
				CODE_SIGN_STYLE = Automatic;
				COPY_PHASE_STRIP = NO;
				DEBUG_INFORMATION_FORMAT = "dwarf-with-dsym";
				ENABLE_NS_ASSERTIONS = NO;
				ENABLE_STRICT_OBJC_MSGSEND = YES;
				GCC_C_LANGUAGE_STANDARD = gnu11;
				GCC_NO_COMMON_BLOCKS = YES;
				GCC_WARN_64_TO_32_BIT_CONVERSION = YES;
				GCC_WARN_ABOUT_RETURN_TYPE = YES_ERROR;
				GCC_WARN_UNDECLARED_SELECTOR = YES;
				GCC_WARN_UNINITIALIZED_AUTOS = YES_AGGRESSIVE;
				GCC_WARN_UNUSED_FUNCTION = YES;
				GCC_WARN_UNUSED_VARIABLE = YES;
				INFOPLIST_FILE = br_flickrTests/Info.plist;
				IPHONEOS_DEPLOYMENT_TARGET = 13.2;
				LD_RUNPATH_SEARCH_PATHS = (
					"$(inherited)",
					"@executable_path/Frameworks",
					"@loader_path/Frameworks",
				);
				MTL_ENABLE_DEBUG_INFO = NO;
				MTL_FAST_MATH = YES;
				PRODUCT_BUNDLE_IDENTIFIER = "com.andela.br-flickrTests";
				PRODUCT_NAME = "$(TARGET_NAME)";
				SDKROOT = iphoneos;
				SWIFT_COMPILATION_MODE = wholemodule;
				SWIFT_OPTIMIZATION_LEVEL = "-O";
				SWIFT_VERSION = 5.0;
				TARGETED_DEVICE_FAMILY = "1,2";
				TEST_HOST = "$(BUILT_PRODUCTS_DIR)/br_flickr.app/br_flickr";
				VALIDATE_PRODUCT = YES;
			};
			name = "Release (Staging)";
		};
		D27733052371542100FAEF0C /* Release (Production) */ = {
			isa = XCBuildConfiguration;
			buildSettings = {
				ALWAYS_SEARCH_USER_PATHS = NO;
				BUNDLE_LOADER = "$(TEST_HOST)";
				CLANG_ANALYZER_NONNULL = YES;
				CLANG_ANALYZER_NUMBER_OBJECT_CONVERSION = YES_AGGRESSIVE;
				CLANG_CXX_LANGUAGE_STANDARD = "gnu++14";
				CLANG_CXX_LIBRARY = "libc++";
				CLANG_ENABLE_MODULES = YES;
				CLANG_ENABLE_OBJC_ARC = YES;
				CLANG_ENABLE_OBJC_WEAK = YES;
				CLANG_WARN_BLOCK_CAPTURE_AUTORELEASING = YES;
				CLANG_WARN_BOOL_CONVERSION = YES;
				CLANG_WARN_COMMA = YES;
				CLANG_WARN_CONSTANT_CONVERSION = YES;
				CLANG_WARN_DEPRECATED_OBJC_IMPLEMENTATIONS = YES;
				CLANG_WARN_DIRECT_OBJC_ISA_USAGE = YES_ERROR;
				CLANG_WARN_DOCUMENTATION_COMMENTS = YES;
				CLANG_WARN_EMPTY_BODY = YES;
				CLANG_WARN_ENUM_CONVERSION = YES;
				CLANG_WARN_INFINITE_RECURSION = YES;
				CLANG_WARN_INT_CONVERSION = YES;
				CLANG_WARN_NON_LITERAL_NULL_CONVERSION = YES;
				CLANG_WARN_OBJC_IMPLICIT_RETAIN_SELF = YES;
				CLANG_WARN_OBJC_LITERAL_CONVERSION = YES;
				CLANG_WARN_OBJC_ROOT_CLASS = YES_ERROR;
				CLANG_WARN_RANGE_LOOP_ANALYSIS = YES;
				CLANG_WARN_STRICT_PROTOTYPES = YES;
				CLANG_WARN_SUSPICIOUS_MOVE = YES;
				CLANG_WARN_UNGUARDED_AVAILABILITY = YES_AGGRESSIVE;
				CLANG_WARN_UNREACHABLE_CODE = YES;
				CLANG_WARN__DUPLICATE_METHOD_MATCH = YES;
				CODE_SIGN_STYLE = Automatic;
				COPY_PHASE_STRIP = NO;
				DEBUG_INFORMATION_FORMAT = "dwarf-with-dsym";
				ENABLE_NS_ASSERTIONS = NO;
				ENABLE_STRICT_OBJC_MSGSEND = YES;
				GCC_C_LANGUAGE_STANDARD = gnu11;
				GCC_NO_COMMON_BLOCKS = YES;
				GCC_WARN_64_TO_32_BIT_CONVERSION = YES;
				GCC_WARN_ABOUT_RETURN_TYPE = YES_ERROR;
				GCC_WARN_UNDECLARED_SELECTOR = YES;
				GCC_WARN_UNINITIALIZED_AUTOS = YES_AGGRESSIVE;
				GCC_WARN_UNUSED_FUNCTION = YES;
				GCC_WARN_UNUSED_VARIABLE = YES;
				INFOPLIST_FILE = br_flickrTests/Info.plist;
				IPHONEOS_DEPLOYMENT_TARGET = 13.2;
				LD_RUNPATH_SEARCH_PATHS = (
					"$(inherited)",
					"@executable_path/Frameworks",
					"@loader_path/Frameworks",
				);
				MTL_ENABLE_DEBUG_INFO = NO;
				MTL_FAST_MATH = YES;
				PRODUCT_BUNDLE_IDENTIFIER = "com.andela.br-flickrTests";
				PRODUCT_NAME = "$(TARGET_NAME)";
				SDKROOT = iphoneos;
				SWIFT_COMPILATION_MODE = wholemodule;
				SWIFT_OPTIMIZATION_LEVEL = "-O";
				SWIFT_VERSION = 5.0;
				TARGETED_DEVICE_FAMILY = "1,2";
				TEST_HOST = "$(BUILT_PRODUCTS_DIR)/br_flickr.app/br_flickr";
				VALIDATE_PRODUCT = YES;
			};
			name = "Release (Production)";
		};
/* End XCBuildConfiguration section */

/* Begin XCConfigurationList section */
		D27732C9237143D700FAEF0C /* Build configuration list for PBXProject "br_flickr" */ = {
			isa = XCConfigurationList;
			buildConfigurations = (
				D27732E0237143D800FAEF0C /* Debug (Development) */,
				D27732E52371458900FAEF0C /* Debug (Staging) */,
				D27732E7237145AC00FAEF0C /* Debug (Production) */,
				D27732E1237143D800FAEF0C /* Release (Development) */,
				D27732EB237145C000FAEF0C /* Release (Staging) */,
				D27732E9237145BB00FAEF0C /* Release (Production) */,
			);
			defaultConfigurationIsVisible = 0;
			defaultConfigurationName = "Release (Development)";
		};
		D27732E2237143D800FAEF0C /* Build configuration list for PBXNativeTarget "br_flickr" */ = {
			isa = XCConfigurationList;
			buildConfigurations = (
				D27732E3237143D800FAEF0C /* Debug (Development) */,
				D27732E62371458900FAEF0C /* Debug (Staging) */,
				D27732E8237145AC00FAEF0C /* Debug (Production) */,
				D27732E4237143D800FAEF0C /* Release (Development) */,
				D27732EC237145C000FAEF0C /* Release (Staging) */,
				D27732EA237145BB00FAEF0C /* Release (Production) */,
			);
			defaultConfigurationIsVisible = 0;
			defaultConfigurationName = "Release (Development)";
		};
		D27732FF2371542100FAEF0C /* Build configuration list for PBXNativeTarget "br_flickrTests" */ = {
			isa = XCConfigurationList;
			buildConfigurations = (
				D27733002371542100FAEF0C /* Debug (Development) */,
				D27733012371542100FAEF0C /* Debug (Staging) */,
				D27733022371542100FAEF0C /* Debug (Production) */,
				D27733032371542100FAEF0C /* Release (Development) */,
				D27733042371542100FAEF0C /* Release (Staging) */,
				D27733052371542100FAEF0C /* Release (Production) */,
			);
			defaultConfigurationIsVisible = 0;
			defaultConfigurationName = "Release (Development)";
		};
/* End XCConfigurationList section */
	};
	rootObject = D27732C6237143D700FAEF0C /* Project object */;
}
